// !$*UTF8*$!
{
	archiveVersion = 1;
	classes = {
	};
	objectVersion = 55;
	objects = {

/* Begin PBXBuildFile section */
		ABF455C3275F399500AE5136 /* AppDelegate.m in Sources */ = {isa = PBXBuildFile; fileRef = ABF455C2275F399500AE5136 /* AppDelegate.m */; };
		ABF455C6275F399500AE5136 /* SceneDelegate.m in Sources */ = {isa = PBXBuildFile; fileRef = ABF455C5275F399500AE5136 /* SceneDelegate.m */; };
		ABF455CC275F399500AE5136 /* Main.storyboard in Resources */ = {isa = PBXBuildFile; fileRef = ABF455CA275F399500AE5136 /* Main.storyboard */; };
		ABF455CE275F399600AE5136 /* Assets.xcassets in Resources */ = {isa = PBXBuildFile; fileRef = ABF455CD275F399600AE5136 /* Assets.xcassets */; };
		ABF455D1275F399600AE5136 /* LaunchScreen.storyboard in Resources */ = {isa = PBXBuildFile; fileRef = ABF455CF275F399600AE5136 /* LaunchScreen.storyboard */; };
		ABF455D4275F399600AE5136 /* main.m in Sources */ = {isa = PBXBuildFile; fileRef = ABF455D3275F399600AE5136 /* main.m */; };
		ABF455E0275F39C200AE5136 /* ViewController.m in Sources */ = {isa = PBXBuildFile; fileRef = ABF455DA275F39C200AE5136 /* ViewController.m */; };
		ABF455E1275F39C200AE5136 /* fragment.glsl in Resources */ = {isa = PBXBuildFile; fileRef = ABF455DD275F39C200AE5136 /* fragment.glsl */; };
		ABF455E2275F39C200AE5136 /* MatrixTransform.m in Sources */ = {isa = PBXBuildFile; fileRef = ABF455DE275F39C200AE5136 /* MatrixTransform.m */; };
		ABF455E3275F39C200AE5136 /* vertex.glsl in Resources */ = {isa = PBXBuildFile; fileRef = ABF455DF275F39C200AE5136 /* vertex.glsl */; };
/* End PBXBuildFile section */

/* Begin PBXFileReference section */
		ABF455BE275F399400AE5136 /* cube-漫反射(diffuse).app */ = {isa = PBXFileReference; explicitFileType = wrapper.application; includeInIndex = 0; path = "cube-漫反射(diffuse).app"; sourceTree = BUILT_PRODUCTS_DIR; };
		ABF455C1275F399500AE5136 /* AppDelegate.h */ = {isa = PBXFileReference; lastKnownFileType = sourcecode.c.h; path = AppDelegate.h; sourceTree = "<group>"; };
		ABF455C2275F399500AE5136 /* AppDelegate.m */ = {isa = PBXFileReference; lastKnownFileType = sourcecode.c.objc; path = AppDelegate.m; sourceTree = "<group>"; };
		ABF455C4275F399500AE5136 /* SceneDelegate.h */ = {isa = PBXFileReference; lastKnownFileType = sourcecode.c.h; path = SceneDelegate.h; sourceTree = "<group>"; };
		ABF455C5275F399500AE5136 /* SceneDelegate.m */ = {isa = PBXFileReference; lastKnownFileType = sourcecode.c.objc; path = SceneDelegate.m; sourceTree = "<group>"; };
		ABF455CB275F399500AE5136 /* Base */ = {isa = PBXFileReference; lastKnownFileType = file.storyboard; name = Base; path = Base.lproj/Main.storyboard; sourceTree = "<group>"; };
		ABF455CD275F399600AE5136 /* Assets.xcassets */ = {isa = PBXFileReference; lastKnownFileType = folder.assetcatalog; path = Assets.xcassets; sourceTree = "<group>"; };
		ABF455D0275F399600AE5136 /* Base */ = {isa = PBXFileReference; lastKnownFileType = file.storyboard; name = Base; path = Base.lproj/LaunchScreen.storyboard; sourceTree = "<group>"; };
		ABF455D2275F399600AE5136 /* Info.plist */ = {isa = PBXFileReference; lastKnownFileType = text.plist.xml; path = Info.plist; sourceTree = "<group>"; };
		ABF455D3275F399600AE5136 /* main.m */ = {isa = PBXFileReference; lastKnownFileType = sourcecode.c.objc; path = main.m; sourceTree = "<group>"; };
		ABF455DA275F39C200AE5136 /* ViewController.m */ = {isa = PBXFileReference; fileEncoding = 4; lastKnownFileType = sourcecode.c.objc; path = ViewController.m; sourceTree = "<group>"; };
		ABF455DB275F39C200AE5136 /* MatrixTransform.h */ = {isa = PBXFileReference; fileEncoding = 4; lastKnownFileType = sourcecode.c.h; path = MatrixTransform.h; sourceTree = "<group>"; };
		ABF455DC275F39C200AE5136 /* ViewController.h */ = {isa = PBXFileReference; fileEncoding = 4; lastKnownFileType = sourcecode.c.h; path = ViewController.h; sourceTree = "<group>"; };
		ABF455DD275F39C200AE5136 /* fragment.glsl */ = {isa = PBXFileReference; fileEncoding = 4; lastKnownFileType = text; path = fragment.glsl; sourceTree = "<group>"; };
		ABF455DE275F39C200AE5136 /* MatrixTransform.m */ = {isa = PBXFileReference; fileEncoding = 4; lastKnownFileType = sourcecode.c.objc; path = MatrixTransform.m; sourceTree = "<group>"; };
		ABF455DF275F39C200AE5136 /* vertex.glsl */ = {isa = PBXFileReference; fileEncoding = 4; lastKnownFileType = text; path = vertex.glsl; sourceTree = "<group>"; };
/* End PBXFileReference section */

/* Begin PBXFrameworksBuildPhase section */
		ABF455BB275F399400AE5136 /* Frameworks */ = {
			isa = PBXFrameworksBuildPhase;
			buildActionMask = 2147483647;
			files = (
			);
			runOnlyForDeploymentPostprocessing = 0;
		};
/* End PBXFrameworksBuildPhase section */

/* Begin PBXGroup section */
		ABF455B5275F399400AE5136 = {
			isa = PBXGroup;
			children = (
				ABF455C0275F399500AE5136 /* cube-漫反射(diffuse) */,
				ABF455BF275F399400AE5136 /* Products */,
			);
			sourceTree = "<group>";
		};
		ABF455BF275F399400AE5136 /* Products */ = {
			isa = PBXGroup;
			children = (
				ABF455BE275F399400AE5136 /* cube-漫反射(diffuse).app */,
			);
			name = Products;
			sourceTree = "<group>";
		};
		ABF455C0275F399500AE5136 /* cube-漫反射(diffuse) */ = {
			isa = PBXGroup;
			children = (
				ABF455C1275F399500AE5136 /* AppDelegate.h */,
				ABF455C2275F399500AE5136 /* AppDelegate.m */,
				ABF455C4275F399500AE5136 /* SceneDelegate.h */,
				ABF455C5275F399500AE5136 /* SceneDelegate.m */,
				ABF455DB275F39C200AE5136 /* MatrixTransform.h */,
				ABF455DE275F39C200AE5136 /* MatrixTransform.m */,
				ABF455DF275F39C200AE5136 /* vertex.glsl */,
				ABF455DD275F39C200AE5136 /* fragment.glsl */,
				ABF455DC275F39C200AE5136 /* ViewController.h */,
				ABF455DA275F39C200AE5136 /* ViewController.m */,
				ABF455CA275F399500AE5136 /* Main.storyboard */,
				ABF455CD275F399600AE5136 /* Assets.xcassets */,
				ABF455CF275F399600AE5136 /* LaunchScreen.storyboard */,
				ABF455D2275F399600AE5136 /* Info.plist */,
				ABF455D3275F399600AE5136 /* main.m */,
			);
			path = "cube-漫反射(diffuse)";
			sourceTree = "<group>";
		};
/* End PBXGroup section */

/* Begin PBXNativeTarget section */
		ABF455BD275F399400AE5136 /* cube-漫反射(diffuse) */ = {
			isa = PBXNativeTarget;
			buildConfigurationList = ABF455D7275F399600AE5136 /* Build configuration list for PBXNativeTarget "cube-漫反射(diffuse)" */;
			buildPhases = (
				ABF455BA275F399400AE5136 /* Sources */,
				ABF455BB275F399400AE5136 /* Frameworks */,
				ABF455BC275F399400AE5136 /* Resources */,
			);
			buildRules = (
			);
			dependencies = (
			);
			name = "cube-漫反射(diffuse)";
			productName = "cube-漫反射(diffuse)";
			productReference = ABF455BE275F399400AE5136 /* cube-漫反射(diffuse).app */;
			productType = "com.apple.product-type.application";
		};
/* End PBXNativeTarget section */

/* Begin PBXProject section */
		ABF455B6275F399400AE5136 /* Project object */ = {
			isa = PBXProject;
			attributes = {
				BuildIndependentTargetsInParallel = 1;
				LastUpgradeCheck = 1300;
				TargetAttributes = {
					ABF455BD275F399400AE5136 = {
						CreatedOnToolsVersion = 13.0;
					};
				};
			};
			buildConfigurationList = ABF455B9275F399400AE5136 /* Build configuration list for PBXProject "cube-漫反射(diffuse)" */;
			compatibilityVersion = "Xcode 13.0";
			developmentRegion = en;
			hasScannedForEncodings = 0;
			knownRegions = (
				en,
				Base,
			);
			mainGroup = ABF455B5275F399400AE5136;
			productRefGroup = ABF455BF275F399400AE5136 /* Products */;
			projectDirPath = "";
			projectRoot = "";
			targets = (
				ABF455BD275F399400AE5136 /* cube-漫反射(diffuse) */,
			);
		};
/* End PBXProject section */

/* Begin PBXResourcesBuildPhase section */
		ABF455BC275F399400AE5136 /* Resources */ = {
			isa = PBXResourcesBuildPhase;
			buildActionMask = 2147483647;
			files = (
				ABF455D1275F399600AE5136 /* LaunchScreen.storyboard in Resources */,
				ABF455E1275F39C200AE5136 /* fragment.glsl in Resources */,
				ABF455CE275F399600AE5136 /* Assets.xcassets in Resources */,
				ABF455CC275F399500AE5136 /* Main.storyboard in Resources */,
				ABF455E3275F39C200AE5136 /* vertex.glsl in Resources */,
			);
			runOnlyForDeploymentPostprocessing = 0;
		};
/* End PBXResourcesBuildPhase section */

/* Begin PBXSourcesBuildPhase section */
		ABF455BA275F399400AE5136 /* Sources */ = {
			isa = PBXSourcesBuildPhase;
			buildActionMask = 2147483647;
			files = (
				ABF455C3275F399500AE5136 /* AppDelegate.m in Sources */,
				ABF455D4275F399600AE5136 /* main.m in Sources */,
				ABF455E0275F39C200AE5136 /* ViewController.m in Sources */,
				ABF455C6275F399500AE5136 /* SceneDelegate.m in Sources */,
				ABF455E2275F39C200AE5136 /* MatrixTransform.m in Sources */,
			);
			runOnlyForDeploymentPostprocessing = 0;
		};
/* End PBXSourcesBuildPhase section */

/* Begin PBXVariantGroup section */
		ABF455CA275F399500AE5136 /* Main.storyboard */ = {
			isa = PBXVariantGroup;
			children = (
				ABF455CB275F399500AE5136 /* Base */,
			);
			name = Main.storyboard;
			sourceTree = "<group>";
		};
		ABF455CF275F399600AE5136 /* LaunchScreen.storyboard */ = {
			isa = PBXVariantGroup;
			children = (
				ABF455D0275F399600AE5136 /* Base */,
			);
			name = LaunchScreen.storyboard;
			sourceTree = "<group>";
		};
/* End PBXVariantGroup section */

/* Begin XCBuildConfiguration section */
		ABF455D5275F399600AE5136 /* Debug */ = {
			isa = XCBuildConfiguration;
			buildSettings = {
				ALWAYS_SEARCH_USER_PATHS = NO;
				CLANG_ANALYZER_NONNULL = YES;
				CLANG_ANALYZER_NUMBER_OBJECT_CONVERSION = YES_AGGRESSIVE;
				CLANG_CXX_LANGUAGE_STANDARD = "gnu++17";
				CLANG_CXX_LIBRARY = "libc++";
				CLANG_ENABLE_MODULES = YES;
				CLANG_ENABLE_OBJC_ARC = YES;
				CLANG_ENABLE_OBJC_WEAK = YES;
				CLANG_WARN_BLOCK_CAPTURE_AUTORELEASING = YES;
				CLANG_WARN_BOOL_CONVERSION = YES;
				CLANG_WARN_COMMA = YES;
				CLANG_WARN_CONSTANT_CONVERSION = YES;
				CLANG_WARN_DEPRECATED_OBJC_IMPLEMENTATIONS = YES;
				CLANG_WARN_DIRECT_OBJC_ISA_USAGE = YES_ERROR;
				CLANG_WARN_DOCUMENTATION_COMMENTS = YES;
				CLANG_WARN_EMPTY_BODY = YES;
				CLANG_WARN_ENUM_CONVERSION = YES;
				CLANG_WARN_INFINITE_RECURSION = YES;
				CLANG_WARN_INT_CONVERSION = YES;
				CLANG_WARN_NON_LITERAL_NULL_CONVERSION = YES;
				CLANG_WARN_OBJC_IMPLICIT_RETAIN_SELF = YES;
				CLANG_WARN_OBJC_LITERAL_CONVERSION = YES;
				CLANG_WARN_OBJC_ROOT_CLASS = YES_ERROR;
				CLANG_WARN_QUOTED_INCLUDE_IN_FRAMEWORK_HEADER = YES;
				CLANG_WARN_RANGE_LOOP_ANALYSIS = YES;
				CLANG_WARN_STRICT_PROTOTYPES = YES;
				CLANG_WARN_SUSPICIOUS_MOVE = YES;
				CLANG_WARN_UNGUARDED_AVAILABILITY = YES_AGGRESSIVE;
				CLANG_WARN_UNREACHABLE_CODE = YES;
				CLANG_WARN__DUPLICATE_METHOD_MATCH = YES;
				COPY_PHASE_STRIP = NO;
				DEBUG_INFORMATION_FORMAT = dwarf;
				ENABLE_STRICT_OBJC_MSGSEND = YES;
				ENABLE_TESTABILITY = YES;
				GCC_C_LANGUAGE_STANDARD = gnu11;
				GCC_DYNAMIC_NO_PIC = NO;
				GCC_NO_COMMON_BLOCKS = YES;
				GCC_OPTIMIZATION_LEVEL = 0;
				GCC_PREPROCESSOR_DEFINITIONS = (
					"DEBUG=1",
					"$(inherited)",
				);
				GCC_WARN_64_TO_32_BIT_CONVERSION = YES;
				GCC_WARN_ABOUT_RETURN_TYPE = YES_ERROR;
				GCC_WARN_UNDECLARED_SELECTOR = YES;
				GCC_WARN_UNINITIALIZED_AUTOS = YES_AGGRESSIVE;
				GCC_WARN_UNUSED_FUNCTION = YES;
				GCC_WARN_UNUSED_VARIABLE = YES;
				IPHONEOS_DEPLOYMENT_TARGET = 15.0;
				MTL_ENABLE_DEBUG_INFO = INCLUDE_SOURCE;
				MTL_FAST_MATH = YES;
				ONLY_ACTIVE_ARCH = YES;
				SDKROOT = iphoneos;
			};
			name = Debug;
		};
		ABF455D6275F399600AE5136 /* Release */ = {
			isa = XCBuildConfiguration;
			buildSettings = {
				ALWAYS_SEARCH_USER_PATHS = NO;
				CLANG_ANALYZER_NONNULL = YES;
				CLANG_ANALYZER_NUMBER_OBJECT_CONVERSION = YES_AGGRESSIVE;
				CLANG_CXX_LANGUAGE_STANDARD = "gnu++17";
				CLANG_CXX_LIBRARY = "libc++";
				CLANG_ENABLE_MODULES = YES;
				CLANG_ENABLE_OBJC_ARC = YES;
				CLANG_ENABLE_OBJC_WEAK = YES;
				CLANG_WARN_BLOCK_CAPTURE_AUTORELEASING = YES;
				CLANG_WARN_BOOL_CONVERSION = YES;
				CLANG_WARN_COMMA = YES;
				CLANG_WARN_CONSTANT_CONVERSION = YES;
				CLANG_WARN_DEPRECATED_OBJC_IMPLEMENTATIONS = YES;
				CLANG_WARN_DIRECT_OBJC_ISA_USAGE = YES_ERROR;
				CLANG_WARN_DOCUMENTATION_COMMENTS = YES;
				CLANG_WARN_EMPTY_BODY = YES;
				CLANG_WARN_ENUM_CONVERSION = YES;
				CLANG_WARN_INFINITE_RECURSION = YES;
				CLANG_WARN_INT_CONVERSION = YES;
				CLANG_WARN_NON_LITERAL_NULL_CONVERSION = YES;
				CLANG_WARN_OBJC_IMPLICIT_RETAIN_SELF = YES;
				CLANG_WARN_OBJC_LITERAL_CONVERSION = YES;
				CLANG_WARN_OBJC_ROOT_CLASS = YES_ERROR;
				CLANG_WARN_QUOTED_INCLUDE_IN_FRAMEWORK_HEADER = YES;
				CLANG_WARN_RANGE_LOOP_ANALYSIS = YES;
				CLANG_WARN_STRICT_PROTOTYPES = YES;
				CLANG_WARN_SUSPICIOUS_MOVE = YES;
				CLANG_WARN_UNGUARDED_AVAILABILITY = YES_AGGRESSIVE;
				CLANG_WARN_UNREACHABLE_CODE = YES;
				CLANG_WARN__DUPLICATE_METHOD_MATCH = YES;
				COPY_PHASE_STRIP = NO;
				DEBUG_INFORMATION_FORMAT = "dwarf-with-dsym";
				ENABLE_NS_ASSERTIONS = NO;
				ENABLE_STRICT_OBJC_MSGSEND = YES;
				GCC_C_LANGUAGE_STANDARD = gnu11;
				GCC_NO_COMMON_BLOCKS = YES;
				GCC_WARN_64_TO_32_BIT_CONVERSION = YES;
				GCC_WARN_ABOUT_RETURN_TYPE = YES_ERROR;
				GCC_WARN_UNDECLARED_SELECTOR = YES;
				GCC_WARN_UNINITIALIZED_AUTOS = YES_AGGRESSIVE;
				GCC_WARN_UNUSED_FUNCTION = YES;
				GCC_WARN_UNUSED_VARIABLE = YES;
				IPHONEOS_DEPLOYMENT_TARGET = 15.0;
				MTL_ENABLE_DEBUG_INFO = NO;
				MTL_FAST_MATH = YES;
				SDKROOT = iphoneos;
				VALIDATE_PRODUCT = YES;
			};
			name = Release;
		};
		ABF455D8275F399600AE5136 /* Debug */ = {
			isa = XCBuildConfiguration;
			buildSettings = {
				ASSETCATALOG_COMPILER_APPICON_NAME = AppIcon;
				ASSETCATALOG_COMPILER_GLOBAL_ACCENT_COLOR_NAME = AccentColor;
				CODE_SIGN_STYLE = Automatic;
				CURRENT_PROJECT_VERSION = 1;
				DEVELOPMENT_TEAM = 563M4H9P36;
				GCC_PREPROCESSOR_DEFINITIONS = "GLES_SILENCE_DEPRECATION=1";
				GENERATE_INFOPLIST_FILE = YES;
				INFOPLIST_FILE = "cube-漫反射(diffuse)/Info.plist";
				INFOPLIST_KEY_UIApplicationSupportsIndirectInputEvents = YES;
				INFOPLIST_KEY_UILaunchStoryboardName = LaunchScreen;
				INFOPLIST_KEY_UIMainStoryboardFile = Main;
				INFOPLIST_KEY_UISupportedInterfaceOrientations_iPad = "UIInterfaceOrientationPortrait UIInterfaceOrientationPortraitUpsideDown UIInterfaceOrientationLandscapeLeft UIInterfaceOrientationLandscapeRight";
				INFOPLIST_KEY_UISupportedInterfaceOrientations_iPhone = "UIInterfaceOrientationPortrait UIInterfaceOrientationLandscapeLeft UIInterfaceOrientationLandscapeRight";
				LD_RUNPATH_SEARCH_PATHS = (
					"$(inherited)",
					"@executable_path/Frameworks",
				);
				MARKETING_VERSION = 1.0;
				PRODUCT_BUNDLE_IDENTIFIER = "ss.cube-----diffuse-";
				PRODUCT_NAME = "$(TARGET_NAME)";
				SWIFT_EMIT_LOC_STRINGS = YES;
				TARGETED_DEVICE_FAMILY = "1,2";
			};
			name = Debug;
		};
		ABF455D9275F399600AE5136 /* Release */ = {
			isa = XCBuildConfiguration;
			buildSettings = {
				ASSETCATALOG_COMPILER_APPICON_NAME = AppIcon;
				ASSETCATALOG_COMPILER_GLOBAL_ACCENT_COLOR_NAME = AccentColor;
				CODE_SIGN_STYLE = Automatic;
				CURRENT_PROJECT_VERSION = 1;
				DEVELOPMENT_TEAM = 563M4H9P36;
				GCC_PREPROCESSOR_DEFINITIONS = "GLES_SILENCE_DEPRECATION=1";
				GENERATE_INFOPLIST_FILE = YES;
				INFOPLIST_FILE = "cube-漫反射(diffuse)/Info.plist";
				INFOPLIST_KEY_UIApplicationSupportsIndirectInputEvents = YES;
				INFOPLIST_KEY_UILaunchStoryboardName = LaunchScreen;
				INFOPLIST_KEY_UIMainStoryboardFile = Main;
				INFOPLIST_KEY_UISupportedInterfaceOrientations_iPad = "UIInterfaceOrientationPortrait UIInterfaceOrientationPortraitUpsideDown UIInterfaceOrientationLandscapeLeft UIInterfaceOrientationLandscapeRight";
				INFOPLIST_KEY_UISupportedInterfaceOrientations_iPhone = "UIInterfaceOrientationPortrait UIInterfaceOrientationLandscapeLeft UIInterfaceOrientationLandscapeRight";
				LD_RUNPATH_SEARCH_PATHS = (
					"$(inherited)",
					"@executable_path/Frameworks",
				);
				MARKETING_VERSION = 1.0;
				PRODUCT_BUNDLE_IDENTIFIER = "ss.cube-----diffuse-";
				PRODUCT_NAME = "$(TARGET_NAME)";
				SWIFT_EMIT_LOC_STRINGS = YES;
				TARGETED_DEVICE_FAMILY = "1,2";
			};
			name = Release;
		};
/* End XCBuildConfiguration section */

/* Begin XCConfigurationList section */
		ABF455B9275F399400AE5136 /* Build configuration list for PBXProject "cube-漫反射(diffuse)" */ = {
			isa = XCConfigurationList;
			buildConfigurations = (
				ABF455D5275F399600AE5136 /* Debug */,
				ABF455D6275F399600AE5136 /* Release */,
			);
			defaultConfigurationIsVisible = 0;
			defaultConfigurationName = Release;
		};
		ABF455D7275F399600AE5136 /* Build configuration list for PBXNativeTarget "cube-漫反射(diffuse)" */ = {
			isa = XCConfigurationList;
			buildConfigurations = (
				ABF455D8275F399600AE5136 /* Debug */,
				ABF455D9275F399600AE5136 /* Release */,
			);
			defaultConfigurationIsVisible = 0;
			defaultConfigurationName = Release;
		};
/* End XCConfigurationList section */
	};
	rootObject = ABF455B6275F399400AE5136 /* Project object */;
}
