// !$*UTF8*$!
{
	archiveVersion = 1;
	classes = {
	};
	objectVersion = 55;
	objects = {

/* Begin PBXBuildFile section */
		ABA0266427682AE7008B99A5 /* AppDelegate.m in Sources */ = {isa = PBXBuildFile; fileRef = ABA0266327682AE7008B99A5 /* AppDelegate.m */; };
		ABA0266727682AE7008B99A5 /* SceneDelegate.m in Sources */ = {isa = PBXBuildFile; fileRef = ABA0266627682AE7008B99A5 /* SceneDelegate.m */; };
		ABA0266D27682AE7008B99A5 /* Main.storyboard in Resources */ = {isa = PBXBuildFile; fileRef = ABA0266B27682AE7008B99A5 /* Main.storyboard */; };
		ABA0266F27682AE9008B99A5 /* Assets.xcassets in Resources */ = {isa = PBXBuildFile; fileRef = ABA0266E27682AE9008B99A5 /* Assets.xcassets */; };
		ABA0267227682AE9008B99A5 /* LaunchScreen.storyboard in Resources */ = {isa = PBXBuildFile; fileRef = ABA0267027682AE9008B99A5 /* LaunchScreen.storyboard */; };
		ABA0267527682AE9008B99A5 /* main.m in Sources */ = {isa = PBXBuildFile; fileRef = ABA0267427682AE9008B99A5 /* main.m */; };
		ABA0268327682B27008B99A5 /* specular_map.png in Resources */ = {isa = PBXBuildFile; fileRef = ABA0267B27682B27008B99A5 /* specular_map.png */; };
		ABA0268427682B27008B99A5 /* diffuse_map.png in Resources */ = {isa = PBXBuildFile; fileRef = ABA0267D27682B27008B99A5 /* diffuse_map.png */; };
		ABA0268527682B27008B99A5 /* vertex.glsl in Resources */ = {isa = PBXBuildFile; fileRef = ABA0267F27682B27008B99A5 /* vertex.glsl */; };
		ABA0268627682B27008B99A5 /* fragment.glsl in Resources */ = {isa = PBXBuildFile; fileRef = ABA0268027682B27008B99A5 /* fragment.glsl */; };
		ABA0268727682B27008B99A5 /* MatrixTransform.m in Sources */ = {isa = PBXBuildFile; fileRef = ABA0268127682B27008B99A5 /* MatrixTransform.m */; };
		ABA0268827682B27008B99A5 /* ViewController.m in Sources */ = {isa = PBXBuildFile; fileRef = ABA0268227682B27008B99A5 /* ViewController.m */; };
/* End PBXBuildFile section */

/* Begin PBXFileReference section */
		ABA0265F27682AE7008B99A5 /* Spotlight.app */ = {isa = PBXFileReference; explicitFileType = wrapper.application; includeInIndex = 0; path = Spotlight.app; sourceTree = BUILT_PRODUCTS_DIR; };
		ABA0266227682AE7008B99A5 /* AppDelegate.h */ = {isa = PBXFileReference; lastKnownFileType = sourcecode.c.h; path = AppDelegate.h; sourceTree = "<group>"; };
		ABA0266327682AE7008B99A5 /* AppDelegate.m */ = {isa = PBXFileReference; lastKnownFileType = sourcecode.c.objc; path = AppDelegate.m; sourceTree = "<group>"; };
		ABA0266527682AE7008B99A5 /* SceneDelegate.h */ = {isa = PBXFileReference; lastKnownFileType = sourcecode.c.h; path = SceneDelegate.h; sourceTree = "<group>"; };
		ABA0266627682AE7008B99A5 /* SceneDelegate.m */ = {isa = PBXFileReference; lastKnownFileType = sourcecode.c.objc; path = SceneDelegate.m; sourceTree = "<group>"; };
		ABA0266C27682AE7008B99A5 /* Base */ = {isa = PBXFileReference; lastKnownFileType = file.storyboard; name = Base; path = Base.lproj/Main.storyboard; sourceTree = "<group>"; };
		ABA0266E27682AE9008B99A5 /* Assets.xcassets */ = {isa = PBXFileReference; lastKnownFileType = folder.assetcatalog; path = Assets.xcassets; sourceTree = "<group>"; };
		ABA0267127682AE9008B99A5 /* Base */ = {isa = PBXFileReference; lastKnownFileType = file.storyboard; name = Base; path = Base.lproj/LaunchScreen.storyboard; sourceTree = "<group>"; };
		ABA0267327682AE9008B99A5 /* Info.plist */ = {isa = PBXFileReference; lastKnownFileType = text.plist.xml; path = Info.plist; sourceTree = "<group>"; };
		ABA0267427682AE9008B99A5 /* main.m */ = {isa = PBXFileReference; lastKnownFileType = sourcecode.c.objc; path = main.m; sourceTree = "<group>"; };
		ABA0267B27682B27008B99A5 /* specular_map.png */ = {isa = PBXFileReference; lastKnownFileType = image.png; path = specular_map.png; sourceTree = "<group>"; };
		ABA0267C27682B27008B99A5 /* MatrixTransform.h */ = {isa = PBXFileReference; fileEncoding = 4; lastKnownFileType = sourcecode.c.h; path = MatrixTransform.h; sourceTree = "<group>"; };
		ABA0267D27682B27008B99A5 /* diffuse_map.png */ = {isa = PBXFileReference; lastKnownFileType = image.png; path = diffuse_map.png; sourceTree = "<group>"; };
		ABA0267E27682B27008B99A5 /* ViewController.h */ = {isa = PBXFileReference; fileEncoding = 4; lastKnownFileType = sourcecode.c.h; path = ViewController.h; sourceTree = "<group>"; };
		ABA0267F27682B27008B99A5 /* vertex.glsl */ = {isa = PBXFileReference; fileEncoding = 4; lastKnownFileType = text; path = vertex.glsl; sourceTree = "<group>"; };
		ABA0268027682B27008B99A5 /* fragment.glsl */ = {isa = PBXFileReference; fileEncoding = 4; lastKnownFileType = text; path = fragment.glsl; sourceTree = "<group>"; };
		ABA0268127682B27008B99A5 /* MatrixTransform.m */ = {isa = PBXFileReference; fileEncoding = 4; lastKnownFileType = sourcecode.c.objc; path = MatrixTransform.m; sourceTree = "<group>"; };
		ABA0268227682B27008B99A5 /* ViewController.m */ = {isa = PBXFileReference; fileEncoding = 4; lastKnownFileType = sourcecode.c.objc; path = ViewController.m; sourceTree = "<group>"; };
/* End PBXFileReference section */

/* Begin PBXFrameworksBuildPhase section */
		ABA0265C27682AE7008B99A5 /* Frameworks */ = {
			isa = PBXFrameworksBuildPhase;
			buildActionMask = 2147483647;
			files = (
			);
			runOnlyForDeploymentPostprocessing = 0;
		};
/* End PBXFrameworksBuildPhase section */

/* Begin PBXGroup section */
		ABA0265627682AE7008B99A5 = {
			isa = PBXGroup;
			children = (
				ABA0266127682AE7008B99A5 /* Spotlight */,
				ABA0266027682AE7008B99A5 /* Products */,
			);
			sourceTree = "<group>";
		};
		ABA0266027682AE7008B99A5 /* Products */ = {
			isa = PBXGroup;
			children = (
				ABA0265F27682AE7008B99A5 /* Spotlight.app */,
			);
			name = Products;
			sourceTree = "<group>";
		};
		ABA0266127682AE7008B99A5 /* Spotlight */ = {
			isa = PBXGroup;
			children = (
				ABA0266227682AE7008B99A5 /* AppDelegate.h */,
				ABA0266327682AE7008B99A5 /* AppDelegate.m */,
				ABA0266527682AE7008B99A5 /* SceneDelegate.h */,
				ABA0266627682AE7008B99A5 /* SceneDelegate.m */,
				ABA0266B27682AE7008B99A5 /* Main.storyboard */,
				ABA0267D27682B27008B99A5 /* diffuse_map.png */,
				ABA0268027682B27008B99A5 /* fragment.glsl */,
				ABA0267C27682B27008B99A5 /* MatrixTransform.h */,
				ABA0268127682B27008B99A5 /* MatrixTransform.m */,
				ABA0267B27682B27008B99A5 /* specular_map.png */,
				ABA0267F27682B27008B99A5 /* vertex.glsl */,
				ABA0267E27682B27008B99A5 /* ViewController.h */,
				ABA0268227682B27008B99A5 /* ViewController.m */,
				ABA0266E27682AE9008B99A5 /* Assets.xcassets */,
				ABA0267027682AE9008B99A5 /* LaunchScreen.storyboard */,
				ABA0267327682AE9008B99A5 /* Info.plist */,
				ABA0267427682AE9008B99A5 /* main.m */,
			);
			path = Spotlight;
			sourceTree = "<group>";
		};
/* End PBXGroup section */

/* Begin PBXNativeTarget section */
		ABA0265E27682AE7008B99A5 /* Spotlight */ = {
			isa = PBXNativeTarget;
			buildConfigurationList = ABA0267827682AE9008B99A5 /* Build configuration list for PBXNativeTarget "Spotlight" */;
			buildPhases = (
				ABA0265B27682AE7008B99A5 /* Sources */,
				ABA0265C27682AE7008B99A5 /* Frameworks */,
				ABA0265D27682AE7008B99A5 /* Resources */,
			);
			buildRules = (
			);
			dependencies = (
			);
			name = Spotlight;
			productName = Spotlight;
			productReference = ABA0265F27682AE7008B99A5 /* Spotlight.app */;
			productType = "com.apple.product-type.application";
		};
/* End PBXNativeTarget section */

/* Begin PBXProject section */
		ABA0265727682AE7008B99A5 /* Project object */ = {
			isa = PBXProject;
			attributes = {
				BuildIndependentTargetsInParallel = 1;
				LastUpgradeCheck = 1300;
				TargetAttributes = {
					ABA0265E27682AE7008B99A5 = {
						CreatedOnToolsVersion = 13.0;
					};
				};
			};
			buildConfigurationList = ABA0265A27682AE7008B99A5 /* Build configuration list for PBXProject "Spotlight" */;
			compatibilityVersion = "Xcode 13.0";
			developmentRegion = en;
			hasScannedForEncodings = 0;
			knownRegions = (
				en,
				Base,
			);
			mainGroup = ABA0265627682AE7008B99A5;
			productRefGroup = ABA0266027682AE7008B99A5 /* Products */;
			projectDirPath = "";
			projectRoot = "";
			targets = (
				ABA0265E27682AE7008B99A5 /* Spotlight */,
			);
		};
/* End PBXProject section */

/* Begin PBXResourcesBuildPhase section */
		ABA0265D27682AE7008B99A5 /* Resources */ = {
			isa = PBXResourcesBuildPhase;
			buildActionMask = 2147483647;
			files = (
				ABA0267227682AE9008B99A5 /* LaunchScreen.storyboard in Resources */,
				ABA0266F27682AE9008B99A5 /* Assets.xcassets in Resources */,
				ABA0266D27682AE7008B99A5 /* Main.storyboard in Resources */,
				ABA0268527682B27008B99A5 /* vertex.glsl in Resources */,
				ABA0268427682B27008B99A5 /* diffuse_map.png in Resources */,
				ABA0268627682B27008B99A5 /* fragment.glsl in Resources */,
				ABA0268327682B27008B99A5 /* specular_map.png in Resources */,
			);
			runOnlyForDeploymentPostprocessing = 0;
		};
/* End PBXResourcesBuildPhase section */

/* Begin PBXSourcesBuildPhase section */
		ABA0265B27682AE7008B99A5 /* Sources */ = {
			isa = PBXSourcesBuildPhase;
			buildActionMask = 2147483647;
			files = (
				ABA0266427682AE7008B99A5 /* AppDelegate.m in Sources */,
				ABA0268727682B27008B99A5 /* MatrixTransform.m in Sources */,
				ABA0267527682AE9008B99A5 /* main.m in Sources */,
				ABA0266727682AE7008B99A5 /* SceneDelegate.m in Sources */,
				ABA0268827682B27008B99A5 /* ViewController.m in Sources */,
			);
			runOnlyForDeploymentPostprocessing = 0;
		};
/* End PBXSourcesBuildPhase section */

/* Begin PBXVariantGroup section */
		ABA0266B27682AE7008B99A5 /* Main.storyboard */ = {
			isa = PBXVariantGroup;
			children = (
				ABA0266C27682AE7008B99A5 /* Base */,
			);
			name = Main.storyboard;
			sourceTree = "<group>";
		};
		ABA0267027682AE9008B99A5 /* LaunchScreen.storyboard */ = {
			isa = PBXVariantGroup;
			children = (
				ABA0267127682AE9008B99A5 /* Base */,
			);
			name = LaunchScreen.storyboard;
			sourceTree = "<group>";
		};
/* End PBXVariantGroup section */

/* Begin XCBuildConfiguration section */
		ABA0267627682AE9008B99A5 /* Debug */ = {
			isa = XCBuildConfiguration;
			buildSettings = {
				ALWAYS_SEARCH_USER_PATHS = NO;
				CLANG_ANALYZER_NONNULL = YES;
				CLANG_ANALYZER_NUMBER_OBJECT_CONVERSION = YES_AGGRESSIVE;
				CLANG_CXX_LANGUAGE_STANDARD = "gnu++17";
				CLANG_CXX_LIBRARY = "libc++";
				CLANG_ENABLE_MODULES = YES;
				CLANG_ENABLE_OBJC_ARC = YES;
				CLANG_ENABLE_OBJC_WEAK = YES;
				CLANG_WARN_BLOCK_CAPTURE_AUTORELEASING = YES;
				CLANG_WARN_BOOL_CONVERSION = YES;
				CLANG_WARN_COMMA = YES;
				CLANG_WARN_CONSTANT_CONVERSION = YES;
				CLANG_WARN_DEPRECATED_OBJC_IMPLEMENTATIONS = YES;
				CLANG_WARN_DIRECT_OBJC_ISA_USAGE = YES_ERROR;
				CLANG_WARN_DOCUMENTATION_COMMENTS = YES;
				CLANG_WARN_EMPTY_BODY = YES;
				CLANG_WARN_ENUM_CONVERSION = YES;
				CLANG_WARN_INFINITE_RECURSION = YES;
				CLANG_WARN_INT_CONVERSION = YES;
				CLANG_WARN_NON_LITERAL_NULL_CONVERSION = YES;
				CLANG_WARN_OBJC_IMPLICIT_RETAIN_SELF = YES;
				CLANG_WARN_OBJC_LITERAL_CONVERSION = YES;
				CLANG_WARN_OBJC_ROOT_CLASS = YES_ERROR;
				CLANG_WARN_QUOTED_INCLUDE_IN_FRAMEWORK_HEADER = YES;
				CLANG_WARN_RANGE_LOOP_ANALYSIS = YES;
				CLANG_WARN_STRICT_PROTOTYPES = YES;
				CLANG_WARN_SUSPICIOUS_MOVE = YES;
				CLANG_WARN_UNGUARDED_AVAILABILITY = YES_AGGRESSIVE;
				CLANG_WARN_UNREACHABLE_CODE = YES;
				CLANG_WARN__DUPLICATE_METHOD_MATCH = YES;
				COPY_PHASE_STRIP = NO;
				DEBUG_INFORMATION_FORMAT = dwarf;
				ENABLE_STRICT_OBJC_MSGSEND = YES;
				ENABLE_TESTABILITY = YES;
				GCC_C_LANGUAGE_STANDARD = gnu11;
				GCC_DYNAMIC_NO_PIC = NO;
				GCC_NO_COMMON_BLOCKS = YES;
				GCC_OPTIMIZATION_LEVEL = 0;
				GCC_PREPROCESSOR_DEFINITIONS = (
					"DEBUG=1",
					"$(inherited)",
				);
				GCC_WARN_64_TO_32_BIT_CONVERSION = YES;
				GCC_WARN_ABOUT_RETURN_TYPE = YES_ERROR;
				GCC_WARN_UNDECLARED_SELECTOR = YES;
				GCC_WARN_UNINITIALIZED_AUTOS = YES_AGGRESSIVE;
				GCC_WARN_UNUSED_FUNCTION = YES;
				GCC_WARN_UNUSED_VARIABLE = YES;
				IPHONEOS_DEPLOYMENT_TARGET = 15.0;
				MTL_ENABLE_DEBUG_INFO = INCLUDE_SOURCE;
				MTL_FAST_MATH = YES;
				ONLY_ACTIVE_ARCH = YES;
				SDKROOT = iphoneos;
			};
			name = Debug;
		};
		ABA0267727682AE9008B99A5 /* Release */ = {
			isa = XCBuildConfiguration;
			buildSettings = {
				ALWAYS_SEARCH_USER_PATHS = NO;
				CLANG_ANALYZER_NONNULL = YES;
				CLANG_ANALYZER_NUMBER_OBJECT_CONVERSION = YES_AGGRESSIVE;
				CLANG_CXX_LANGUAGE_STANDARD = "gnu++17";
				CLANG_CXX_LIBRARY = "libc++";
				CLANG_ENABLE_MODULES = YES;
				CLANG_ENABLE_OBJC_ARC = YES;
				CLANG_ENABLE_OBJC_WEAK = YES;
				CLANG_WARN_BLOCK_CAPTURE_AUTORELEASING = YES;
				CLANG_WARN_BOOL_CONVERSION = YES;
				CLANG_WARN_COMMA = YES;
				CLANG_WARN_CONSTANT_CONVERSION = YES;
				CLANG_WARN_DEPRECATED_OBJC_IMPLEMENTATIONS = YES;
				CLANG_WARN_DIRECT_OBJC_ISA_USAGE = YES_ERROR;
				CLANG_WARN_DOCUMENTATION_COMMENTS = YES;
				CLANG_WARN_EMPTY_BODY = YES;
				CLANG_WARN_ENUM_CONVERSION = YES;
				CLANG_WARN_INFINITE_RECURSION = YES;
				CLANG_WARN_INT_CONVERSION = YES;
				CLANG_WARN_NON_LITERAL_NULL_CONVERSION = YES;
				CLANG_WARN_OBJC_IMPLICIT_RETAIN_SELF = YES;
				CLANG_WARN_OBJC_LITERAL_CONVERSION = YES;
				CLANG_WARN_OBJC_ROOT_CLASS = YES_ERROR;
				CLANG_WARN_QUOTED_INCLUDE_IN_FRAMEWORK_HEADER = YES;
				CLANG_WARN_RANGE_LOOP_ANALYSIS = YES;
				CLANG_WARN_STRICT_PROTOTYPES = YES;
				CLANG_WARN_SUSPICIOUS_MOVE = YES;
				CLANG_WARN_UNGUARDED_AVAILABILITY = YES_AGGRESSIVE;
				CLANG_WARN_UNREACHABLE_CODE = YES;
				CLANG_WARN__DUPLICATE_METHOD_MATCH = YES;
				COPY_PHASE_STRIP = NO;
				DEBUG_INFORMATION_FORMAT = "dwarf-with-dsym";
				ENABLE_NS_ASSERTIONS = NO;
				ENABLE_STRICT_OBJC_MSGSEND = YES;
				GCC_C_LANGUAGE_STANDARD = gnu11;
				GCC_NO_COMMON_BLOCKS = YES;
				GCC_WARN_64_TO_32_BIT_CONVERSION = YES;
				GCC_WARN_ABOUT_RETURN_TYPE = YES_ERROR;
				GCC_WARN_UNDECLARED_SELECTOR = YES;
				GCC_WARN_UNINITIALIZED_AUTOS = YES_AGGRESSIVE;
				GCC_WARN_UNUSED_FUNCTION = YES;
				GCC_WARN_UNUSED_VARIABLE = YES;
				IPHONEOS_DEPLOYMENT_TARGET = 15.0;
				MTL_ENABLE_DEBUG_INFO = NO;
				MTL_FAST_MATH = YES;
				SDKROOT = iphoneos;
				VALIDATE_PRODUCT = YES;
			};
			name = Release;
		};
		ABA0267927682AE9008B99A5 /* Debug */ = {
			isa = XCBuildConfiguration;
			buildSettings = {
				ASSETCATALOG_COMPILER_APPICON_NAME = AppIcon;
				ASSETCATALOG_COMPILER_GLOBAL_ACCENT_COLOR_NAME = AccentColor;
				CODE_SIGN_STYLE = Automatic;
				CURRENT_PROJECT_VERSION = 1;
				DEVELOPMENT_TEAM = 563M4H9P36;
				GCC_PREPROCESSOR_DEFINITIONS = "GLES_SILENCE_DEPRECATION=1";
				GENERATE_INFOPLIST_FILE = YES;
				INFOPLIST_FILE = Spotlight/Info.plist;
				INFOPLIST_KEY_UIApplicationSupportsIndirectInputEvents = YES;
				INFOPLIST_KEY_UILaunchStoryboardName = LaunchScreen;
				INFOPLIST_KEY_UIMainStoryboardFile = Main;
				INFOPLIST_KEY_UISupportedInterfaceOrientations_iPad = "UIInterfaceOrientationPortrait UIInterfaceOrientationPortraitUpsideDown UIInterfaceOrientationLandscapeLeft UIInterfaceOrientationLandscapeRight";
				INFOPLIST_KEY_UISupportedInterfaceOrientations_iPhone = "UIInterfaceOrientationPortrait UIInterfaceOrientationLandscapeLeft UIInterfaceOrientationLandscapeRight";
				LD_RUNPATH_SEARCH_PATHS = (
					"$(inherited)",
					"@executable_path/Frameworks",
				);
				MARKETING_VERSION = 1.0;
				PRODUCT_BUNDLE_IDENTIFIER = ss.Spotlight;
				PRODUCT_NAME = "$(TARGET_NAME)";
				SWIFT_EMIT_LOC_STRINGS = YES;
				TARGETED_DEVICE_FAMILY = "1,2";
			};
			name = Debug;
		};
		ABA0267A27682AE9008B99A5 /* Release */ = {
			isa = XCBuildConfiguration;
			buildSettings = {
				ASSETCATALOG_COMPILER_APPICON_NAME = AppIcon;
				ASSETCATALOG_COMPILER_GLOBAL_ACCENT_COLOR_NAME = AccentColor;
				CODE_SIGN_STYLE = Automatic;
				CURRENT_PROJECT_VERSION = 1;
				DEVELOPMENT_TEAM = 563M4H9P36;
				GCC_PREPROCESSOR_DEFINITIONS = "GLES_SILENCE_DEPRECATION=1";
				GENERATE_INFOPLIST_FILE = YES;
				INFOPLIST_FILE = Spotlight/Info.plist;
				INFOPLIST_KEY_UIApplicationSupportsIndirectInputEvents = YES;
				INFOPLIST_KEY_UILaunchStoryboardName = LaunchScreen;
				INFOPLIST_KEY_UIMainStoryboardFile = Main;
				INFOPLIST_KEY_UISupportedInterfaceOrientations_iPad = "UIInterfaceOrientationPortrait UIInterfaceOrientationPortraitUpsideDown UIInterfaceOrientationLandscapeLeft UIInterfaceOrientationLandscapeRight";
				INFOPLIST_KEY_UISupportedInterfaceOrientations_iPhone = "UIInterfaceOrientationPortrait UIInterfaceOrientationLandscapeLeft UIInterfaceOrientationLandscapeRight";
				LD_RUNPATH_SEARCH_PATHS = (
					"$(inherited)",
					"@executable_path/Frameworks",
				);
				MARKETING_VERSION = 1.0;
				PRODUCT_BUNDLE_IDENTIFIER = ss.Spotlight;
				PRODUCT_NAME = "$(TARGET_NAME)";
				SWIFT_EMIT_LOC_STRINGS = YES;
				TARGETED_DEVICE_FAMILY = "1,2";
			};
			name = Release;
		};
/* End XCBuildConfiguration section */

/* Begin XCConfigurationList section */
		ABA0265A27682AE7008B99A5 /* Build configuration list for PBXProject "Spotlight" */ = {
			isa = XCConfigurationList;
			buildConfigurations = (
				ABA0267627682AE9008B99A5 /* Debug */,
				ABA0267727682AE9008B99A5 /* Release */,
			);
			defaultConfigurationIsVisible = 0;
			defaultConfigurationName = Release;
		};
		ABA0267827682AE9008B99A5 /* Build configuration list for PBXNativeTarget "Spotlight" */ = {
			isa = XCConfigurationList;
			buildConfigurations = (
				ABA0267927682AE9008B99A5 /* Debug */,
				ABA0267A27682AE9008B99A5 /* Release */,
			);
			defaultConfigurationIsVisible = 0;
			defaultConfigurationName = Release;
		};
/* End XCConfigurationList section */
	};
	rootObject = ABA0265727682AE7008B99A5 /* Project object */;
}
