// !$*UTF8*$!
{
	archiveVersion = 1;
	classes = {
	};
	objectVersion = 55;
	objects = {

/* Begin PBXBuildFile section */
		AB739C33275A097B00AA1F72 /* AppDelegate.m in Sources */ = {isa = PBXBuildFile; fileRef = AB739C32275A097B00AA1F72 /* AppDelegate.m */; };
		AB739C36275A097B00AA1F72 /* SceneDelegate.m in Sources */ = {isa = PBXBuildFile; fileRef = AB739C35275A097B00AA1F72 /* SceneDelegate.m */; };
		AB739C3C275A097B00AA1F72 /* Main.storyboard in Resources */ = {isa = PBXBuildFile; fileRef = AB739C3A275A097B00AA1F72 /* Main.storyboard */; };
		AB739C3E275A097E00AA1F72 /* Assets.xcassets in Resources */ = {isa = PBXBuildFile; fileRef = AB739C3D275A097E00AA1F72 /* Assets.xcassets */; };
		AB739C41275A097E00AA1F72 /* LaunchScreen.storyboard in Resources */ = {isa = PBXBuildFile; fileRef = AB739C3F275A097E00AA1F72 /* LaunchScreen.storyboard */; };
		AB739C44275A097E00AA1F72 /* main.m in Sources */ = {isa = PBXBuildFile; fileRef = AB739C43275A097E00AA1F72 /* main.m */; };
		AB739C50275A0C5700AA1F72 /* ViewController.m in Sources */ = {isa = PBXBuildFile; fileRef = AB739C4C275A0C5700AA1F72 /* ViewController.m */; };
		AB739C51275A0C5700AA1F72 /* MatrixTransform.m in Sources */ = {isa = PBXBuildFile; fileRef = AB739C4E275A0C5700AA1F72 /* MatrixTransform.m */; };
		AB739C54275A14B200AA1F72 /* fragmentShader.glsl in Resources */ = {isa = PBXBuildFile; fileRef = AB739C52275A14B200AA1F72 /* fragmentShader.glsl */; };
		AB739C55275A14B200AA1F72 /* vertexShader.glsl in Resources */ = {isa = PBXBuildFile; fileRef = AB739C53275A14B200AA1F72 /* vertexShader.glsl */; };
/* End PBXBuildFile section */

/* Begin PBXFileReference section */
		AB739C2E275A097B00AA1F72 /* Draw-Cube.app */ = {isa = PBXFileReference; explicitFileType = wrapper.application; includeInIndex = 0; path = "Draw-Cube.app"; sourceTree = BUILT_PRODUCTS_DIR; };
		AB739C31275A097B00AA1F72 /* AppDelegate.h */ = {isa = PBXFileReference; lastKnownFileType = sourcecode.c.h; path = AppDelegate.h; sourceTree = "<group>"; };
		AB739C32275A097B00AA1F72 /* AppDelegate.m */ = {isa = PBXFileReference; lastKnownFileType = sourcecode.c.objc; path = AppDelegate.m; sourceTree = "<group>"; };
		AB739C34275A097B00AA1F72 /* SceneDelegate.h */ = {isa = PBXFileReference; lastKnownFileType = sourcecode.c.h; path = SceneDelegate.h; sourceTree = "<group>"; };
		AB739C35275A097B00AA1F72 /* SceneDelegate.m */ = {isa = PBXFileReference; lastKnownFileType = sourcecode.c.objc; path = SceneDelegate.m; sourceTree = "<group>"; };
		AB739C3B275A097B00AA1F72 /* Base */ = {isa = PBXFileReference; lastKnownFileType = file.storyboard; name = Base; path = Base.lproj/Main.storyboard; sourceTree = "<group>"; };
		AB739C3D275A097E00AA1F72 /* Assets.xcassets */ = {isa = PBXFileReference; lastKnownFileType = folder.assetcatalog; path = Assets.xcassets; sourceTree = "<group>"; };
		AB739C40275A097E00AA1F72 /* Base */ = {isa = PBXFileReference; lastKnownFileType = file.storyboard; name = Base; path = Base.lproj/LaunchScreen.storyboard; sourceTree = "<group>"; };
		AB739C42275A097E00AA1F72 /* Info.plist */ = {isa = PBXFileReference; lastKnownFileType = text.plist.xml; path = Info.plist; sourceTree = "<group>"; };
		AB739C43275A097E00AA1F72 /* main.m */ = {isa = PBXFileReference; lastKnownFileType = sourcecode.c.objc; path = main.m; sourceTree = "<group>"; };
		AB739C4C275A0C5700AA1F72 /* ViewController.m */ = {isa = PBXFileReference; fileEncoding = 4; lastKnownFileType = sourcecode.c.objc; path = ViewController.m; sourceTree = "<group>"; };
		AB739C4D275A0C5700AA1F72 /* MatrixTransform.h */ = {isa = PBXFileReference; fileEncoding = 4; lastKnownFileType = sourcecode.c.h; path = MatrixTransform.h; sourceTree = "<group>"; };
		AB739C4E275A0C5700AA1F72 /* MatrixTransform.m */ = {isa = PBXFileReference; fileEncoding = 4; lastKnownFileType = sourcecode.c.objc; path = MatrixTransform.m; sourceTree = "<group>"; };
		AB739C4F275A0C5700AA1F72 /* ViewController.h */ = {isa = PBXFileReference; fileEncoding = 4; lastKnownFileType = sourcecode.c.h; path = ViewController.h; sourceTree = "<group>"; };
		AB739C52275A14B200AA1F72 /* fragmentShader.glsl */ = {isa = PBXFileReference; fileEncoding = 4; lastKnownFileType = text; name = fragmentShader.glsl; path = "../../../MVP矩阵变换/MVP-Transform/MVP-Transform/fragmentShader.glsl"; sourceTree = "<group>"; };
		AB739C53275A14B200AA1F72 /* vertexShader.glsl */ = {isa = PBXFileReference; fileEncoding = 4; lastKnownFileType = text; name = vertexShader.glsl; path = "../../../MVP矩阵变换/MVP-Transform/MVP-Transform/vertexShader.glsl"; sourceTree = "<group>"; };
/* End PBXFileReference section */

/* Begin PBXFrameworksBuildPhase section */
		AB739C2B275A097B00AA1F72 /* Frameworks */ = {
			isa = PBXFrameworksBuildPhase;
			buildActionMask = 2147483647;
			files = (
			);
			runOnlyForDeploymentPostprocessing = 0;
		};
/* End PBXFrameworksBuildPhase section */

/* Begin PBXGroup section */
		AB739C25275A097B00AA1F72 = {
			isa = PBXGroup;
			children = (
				AB739C30275A097B00AA1F72 /* Draw-Cube */,
				AB739C2F275A097B00AA1F72 /* Products */,
			);
			sourceTree = "<group>";
		};
		AB739C2F275A097B00AA1F72 /* Products */ = {
			isa = PBXGroup;
			children = (
				AB739C2E275A097B00AA1F72 /* Draw-Cube.app */,
			);
			name = Products;
			sourceTree = "<group>";
		};
		AB739C30275A097B00AA1F72 /* Draw-Cube */ = {
			isa = PBXGroup;
			children = (
				AB739C31275A097B00AA1F72 /* AppDelegate.h */,
				AB739C32275A097B00AA1F72 /* AppDelegate.m */,
				AB739C34275A097B00AA1F72 /* SceneDelegate.h */,
				AB739C35275A097B00AA1F72 /* SceneDelegate.m */,
				AB739C4D275A0C5700AA1F72 /* MatrixTransform.h */,
				AB739C4E275A0C5700AA1F72 /* MatrixTransform.m */,
				AB739C52275A14B200AA1F72 /* fragmentShader.glsl */,
				AB739C53275A14B200AA1F72 /* vertexShader.glsl */,
				AB739C4F275A0C5700AA1F72 /* ViewController.h */,
				AB739C4C275A0C5700AA1F72 /* ViewController.m */,
				AB739C3A275A097B00AA1F72 /* Main.storyboard */,
				AB739C3D275A097E00AA1F72 /* Assets.xcassets */,
				AB739C3F275A097E00AA1F72 /* LaunchScreen.storyboard */,
				AB739C42275A097E00AA1F72 /* Info.plist */,
				AB739C43275A097E00AA1F72 /* main.m */,
			);
			path = "Draw-Cube";
			sourceTree = "<group>";
		};
/* End PBXGroup section */

/* Begin PBXNativeTarget section */
		AB739C2D275A097B00AA1F72 /* Draw-Cube */ = {
			isa = PBXNativeTarget;
			buildConfigurationList = AB739C47275A097E00AA1F72 /* Build configuration list for PBXNativeTarget "Draw-Cube" */;
			buildPhases = (
				AB739C2A275A097B00AA1F72 /* Sources */,
				AB739C2B275A097B00AA1F72 /* Frameworks */,
				AB739C2C275A097B00AA1F72 /* Resources */,
			);
			buildRules = (
			);
			dependencies = (
			);
			name = "Draw-Cube";
			productName = "Draw-Cube";
			productReference = AB739C2E275A097B00AA1F72 /* Draw-Cube.app */;
			productType = "com.apple.product-type.application";
		};
/* End PBXNativeTarget section */

/* Begin PBXProject section */
		AB739C26275A097B00AA1F72 /* Project object */ = {
			isa = PBXProject;
			attributes = {
				BuildIndependentTargetsInParallel = 1;
				LastUpgradeCheck = 1300;
				TargetAttributes = {
					AB739C2D275A097B00AA1F72 = {
						CreatedOnToolsVersion = 13.0;
					};
				};
			};
			buildConfigurationList = AB739C29275A097B00AA1F72 /* Build configuration list for PBXProject "Draw-Cube" */;
			compatibilityVersion = "Xcode 13.0";
			developmentRegion = en;
			hasScannedForEncodings = 0;
			knownRegions = (
				en,
				Base,
			);
			mainGroup = AB739C25275A097B00AA1F72;
			productRefGroup = AB739C2F275A097B00AA1F72 /* Products */;
			projectDirPath = "";
			projectRoot = "";
			targets = (
				AB739C2D275A097B00AA1F72 /* Draw-Cube */,
			);
		};
/* End PBXProject section */

/* Begin PBXResourcesBuildPhase section */
		AB739C2C275A097B00AA1F72 /* Resources */ = {
			isa = PBXResourcesBuildPhase;
			buildActionMask = 2147483647;
			files = (
				AB739C41275A097E00AA1F72 /* LaunchScreen.storyboard in Resources */,
				AB739C3E275A097E00AA1F72 /* Assets.xcassets in Resources */,
				AB739C55275A14B200AA1F72 /* vertexShader.glsl in Resources */,
				AB739C54275A14B200AA1F72 /* fragmentShader.glsl in Resources */,
				AB739C3C275A097B00AA1F72 /* Main.storyboard in Resources */,
			);
			runOnlyForDeploymentPostprocessing = 0;
		};
/* End PBXResourcesBuildPhase section */

/* Begin PBXSourcesBuildPhase section */
		AB739C2A275A097B00AA1F72 /* Sources */ = {
			isa = PBXSourcesBuildPhase;
			buildActionMask = 2147483647;
			files = (
				AB739C33275A097B00AA1F72 /* AppDelegate.m in Sources */,
				AB739C44275A097E00AA1F72 /* main.m in Sources */,
				AB739C50275A0C5700AA1F72 /* ViewController.m in Sources */,
				AB739C36275A097B00AA1F72 /* SceneDelegate.m in Sources */,
				AB739C51275A0C5700AA1F72 /* MatrixTransform.m in Sources */,
			);
			runOnlyForDeploymentPostprocessing = 0;
		};
/* End PBXSourcesBuildPhase section */

/* Begin PBXVariantGroup section */
		AB739C3A275A097B00AA1F72 /* Main.storyboard */ = {
			isa = PBXVariantGroup;
			children = (
				AB739C3B275A097B00AA1F72 /* Base */,
			);
			name = Main.storyboard;
			sourceTree = "<group>";
		};
		AB739C3F275A097E00AA1F72 /* LaunchScreen.storyboard */ = {
			isa = PBXVariantGroup;
			children = (
				AB739C40275A097E00AA1F72 /* Base */,
			);
			name = LaunchScreen.storyboard;
			sourceTree = "<group>";
		};
/* End PBXVariantGroup section */

/* Begin XCBuildConfiguration section */
		AB739C45275A097E00AA1F72 /* Debug */ = {
			isa = XCBuildConfiguration;
			buildSettings = {
				ALWAYS_SEARCH_USER_PATHS = NO;
				CLANG_ANALYZER_NONNULL = YES;
				CLANG_ANALYZER_NUMBER_OBJECT_CONVERSION = YES_AGGRESSIVE;
				CLANG_CXX_LANGUAGE_STANDARD = "gnu++17";
				CLANG_CXX_LIBRARY = "libc++";
				CLANG_ENABLE_MODULES = YES;
				CLANG_ENABLE_OBJC_ARC = YES;
				CLANG_ENABLE_OBJC_WEAK = YES;
				CLANG_WARN_BLOCK_CAPTURE_AUTORELEASING = YES;
				CLANG_WARN_BOOL_CONVERSION = YES;
				CLANG_WARN_COMMA = YES;
				CLANG_WARN_CONSTANT_CONVERSION = YES;
				CLANG_WARN_DEPRECATED_OBJC_IMPLEMENTATIONS = YES;
				CLANG_WARN_DIRECT_OBJC_ISA_USAGE = YES_ERROR;
				CLANG_WARN_DOCUMENTATION_COMMENTS = YES;
				CLANG_WARN_EMPTY_BODY = YES;
				CLANG_WARN_ENUM_CONVERSION = YES;
				CLANG_WARN_INFINITE_RECURSION = YES;
				CLANG_WARN_INT_CONVERSION = YES;
				CLANG_WARN_NON_LITERAL_NULL_CONVERSION = YES;
				CLANG_WARN_OBJC_IMPLICIT_RETAIN_SELF = YES;
				CLANG_WARN_OBJC_LITERAL_CONVERSION = YES;
				CLANG_WARN_OBJC_ROOT_CLASS = YES_ERROR;
				CLANG_WARN_QUOTED_INCLUDE_IN_FRAMEWORK_HEADER = YES;
				CLANG_WARN_RANGE_LOOP_ANALYSIS = YES;
				CLANG_WARN_STRICT_PROTOTYPES = YES;
				CLANG_WARN_SUSPICIOUS_MOVE = YES;
				CLANG_WARN_UNGUARDED_AVAILABILITY = YES_AGGRESSIVE;
				CLANG_WARN_UNREACHABLE_CODE = YES;
				CLANG_WARN__DUPLICATE_METHOD_MATCH = YES;
				COPY_PHASE_STRIP = NO;
				DEBUG_INFORMATION_FORMAT = dwarf;
				ENABLE_STRICT_OBJC_MSGSEND = YES;
				ENABLE_TESTABILITY = YES;
				GCC_C_LANGUAGE_STANDARD = gnu11;
				GCC_DYNAMIC_NO_PIC = NO;
				GCC_NO_COMMON_BLOCKS = YES;
				GCC_OPTIMIZATION_LEVEL = 0;
				GCC_PREPROCESSOR_DEFINITIONS = (
					"DEBUG=1",
					"$(inherited)",
				);
				GCC_WARN_64_TO_32_BIT_CONVERSION = YES;
				GCC_WARN_ABOUT_RETURN_TYPE = YES_ERROR;
				GCC_WARN_UNDECLARED_SELECTOR = YES;
				GCC_WARN_UNINITIALIZED_AUTOS = YES_AGGRESSIVE;
				GCC_WARN_UNUSED_FUNCTION = YES;
				GCC_WARN_UNUSED_VARIABLE = YES;
				IPHONEOS_DEPLOYMENT_TARGET = 15.0;
				MTL_ENABLE_DEBUG_INFO = INCLUDE_SOURCE;
				MTL_FAST_MATH = YES;
				ONLY_ACTIVE_ARCH = YES;
				SDKROOT = iphoneos;
			};
			name = Debug;
		};
		AB739C46275A097E00AA1F72 /* Release */ = {
			isa = XCBuildConfiguration;
			buildSettings = {
				ALWAYS_SEARCH_USER_PATHS = NO;
				CLANG_ANALYZER_NONNULL = YES;
				CLANG_ANALYZER_NUMBER_OBJECT_CONVERSION = YES_AGGRESSIVE;
				CLANG_CXX_LANGUAGE_STANDARD = "gnu++17";
				CLANG_CXX_LIBRARY = "libc++";
				CLANG_ENABLE_MODULES = YES;
				CLANG_ENABLE_OBJC_ARC = YES;
				CLANG_ENABLE_OBJC_WEAK = YES;
				CLANG_WARN_BLOCK_CAPTURE_AUTORELEASING = YES;
				CLANG_WARN_BOOL_CONVERSION = YES;
				CLANG_WARN_COMMA = YES;
				CLANG_WARN_CONSTANT_CONVERSION = YES;
				CLANG_WARN_DEPRECATED_OBJC_IMPLEMENTATIONS = YES;
				CLANG_WARN_DIRECT_OBJC_ISA_USAGE = YES_ERROR;
				CLANG_WARN_DOCUMENTATION_COMMENTS = YES;
				CLANG_WARN_EMPTY_BODY = YES;
				CLANG_WARN_ENUM_CONVERSION = YES;
				CLANG_WARN_INFINITE_RECURSION = YES;
				CLANG_WARN_INT_CONVERSION = YES;
				CLANG_WARN_NON_LITERAL_NULL_CONVERSION = YES;
				CLANG_WARN_OBJC_IMPLICIT_RETAIN_SELF = YES;
				CLANG_WARN_OBJC_LITERAL_CONVERSION = YES;
				CLANG_WARN_OBJC_ROOT_CLASS = YES_ERROR;
				CLANG_WARN_QUOTED_INCLUDE_IN_FRAMEWORK_HEADER = YES;
				CLANG_WARN_RANGE_LOOP_ANALYSIS = YES;
				CLANG_WARN_STRICT_PROTOTYPES = YES;
				CLANG_WARN_SUSPICIOUS_MOVE = YES;
				CLANG_WARN_UNGUARDED_AVAILABILITY = YES_AGGRESSIVE;
				CLANG_WARN_UNREACHABLE_CODE = YES;
				CLANG_WARN__DUPLICATE_METHOD_MATCH = YES;
				COPY_PHASE_STRIP = NO;
				DEBUG_INFORMATION_FORMAT = "dwarf-with-dsym";
				ENABLE_NS_ASSERTIONS = NO;
				ENABLE_STRICT_OBJC_MSGSEND = YES;
				GCC_C_LANGUAGE_STANDARD = gnu11;
				GCC_NO_COMMON_BLOCKS = YES;
				GCC_WARN_64_TO_32_BIT_CONVERSION = YES;
				GCC_WARN_ABOUT_RETURN_TYPE = YES_ERROR;
				GCC_WARN_UNDECLARED_SELECTOR = YES;
				GCC_WARN_UNINITIALIZED_AUTOS = YES_AGGRESSIVE;
				GCC_WARN_UNUSED_FUNCTION = YES;
				GCC_WARN_UNUSED_VARIABLE = YES;
				IPHONEOS_DEPLOYMENT_TARGET = 15.0;
				MTL_ENABLE_DEBUG_INFO = NO;
				MTL_FAST_MATH = YES;
				SDKROOT = iphoneos;
				VALIDATE_PRODUCT = YES;
			};
			name = Release;
		};
		AB739C48275A097E00AA1F72 /* Debug */ = {
			isa = XCBuildConfiguration;
			buildSettings = {
				ASSETCATALOG_COMPILER_APPICON_NAME = AppIcon;
				ASSETCATALOG_COMPILER_GLOBAL_ACCENT_COLOR_NAME = AccentColor;
				CODE_SIGN_STYLE = Automatic;
				CURRENT_PROJECT_VERSION = 1;
				DEVELOPMENT_TEAM = G7R3Y58HQ5;
				GCC_PREPROCESSOR_DEFINITIONS = "GLES_SILENCE_DEPRECATION=1";
				GENERATE_INFOPLIST_FILE = YES;
				INFOPLIST_FILE = "Draw-Cube/Info.plist";
				INFOPLIST_KEY_UIApplicationSupportsIndirectInputEvents = YES;
				INFOPLIST_KEY_UILaunchStoryboardName = LaunchScreen;
				INFOPLIST_KEY_UIMainStoryboardFile = Main;
				INFOPLIST_KEY_UISupportedInterfaceOrientations_iPad = "UIInterfaceOrientationPortrait UIInterfaceOrientationPortraitUpsideDown UIInterfaceOrientationLandscapeLeft UIInterfaceOrientationLandscapeRight";
				INFOPLIST_KEY_UISupportedInterfaceOrientations_iPhone = "UIInterfaceOrientationPortrait UIInterfaceOrientationLandscapeLeft UIInterfaceOrientationLandscapeRight";
				LD_RUNPATH_SEARCH_PATHS = (
					"$(inherited)",
					"@executable_path/Frameworks",
				);
				MARKETING_VERSION = 1.0;
				PRODUCT_BUNDLE_IDENTIFIER = "SS.SSCameraSDK.Perspective-Matrix";
				PRODUCT_NAME = "$(TARGET_NAME)";
				SWIFT_EMIT_LOC_STRINGS = YES;
				TARGETED_DEVICE_FAMILY = "1,2";
			};
			name = Debug;
		};
		AB739C49275A097E00AA1F72 /* Release */ = {
			isa = XCBuildConfiguration;
			buildSettings = {
				ASSETCATALOG_COMPILER_APPICON_NAME = AppIcon;
				ASSETCATALOG_COMPILER_GLOBAL_ACCENT_COLOR_NAME = AccentColor;
				CODE_SIGN_STYLE = Automatic;
				CURRENT_PROJECT_VERSION = 1;
				DEVELOPMENT_TEAM = G7R3Y58HQ5;
				GCC_PREPROCESSOR_DEFINITIONS = "GLES_SILENCE_DEPRECATION=1";
				GENERATE_INFOPLIST_FILE = YES;
				INFOPLIST_FILE = "Draw-Cube/Info.plist";
				INFOPLIST_KEY_UIApplicationSupportsIndirectInputEvents = YES;
				INFOPLIST_KEY_UILaunchStoryboardName = LaunchScreen;
				INFOPLIST_KEY_UIMainStoryboardFile = Main;
				INFOPLIST_KEY_UISupportedInterfaceOrientations_iPad = "UIInterfaceOrientationPortrait UIInterfaceOrientationPortraitUpsideDown UIInterfaceOrientationLandscapeLeft UIInterfaceOrientationLandscapeRight";
				INFOPLIST_KEY_UISupportedInterfaceOrientations_iPhone = "UIInterfaceOrientationPortrait UIInterfaceOrientationLandscapeLeft UIInterfaceOrientationLandscapeRight";
				LD_RUNPATH_SEARCH_PATHS = (
					"$(inherited)",
					"@executable_path/Frameworks",
				);
				MARKETING_VERSION = 1.0;
				PRODUCT_BUNDLE_IDENTIFIER = "SS.SSCameraSDK.Perspective-Matrix";
				PRODUCT_NAME = "$(TARGET_NAME)";
				SWIFT_EMIT_LOC_STRINGS = YES;
				TARGETED_DEVICE_FAMILY = "1,2";
			};
			name = Release;
		};
/* End XCBuildConfiguration section */

/* Begin XCConfigurationList section */
		AB739C29275A097B00AA1F72 /* Build configuration list for PBXProject "Draw-Cube" */ = {
			isa = XCConfigurationList;
			buildConfigurations = (
				AB739C45275A097E00AA1F72 /* Debug */,
				AB739C46275A097E00AA1F72 /* Release */,
			);
			defaultConfigurationIsVisible = 0;
			defaultConfigurationName = Release;
		};
		AB739C47275A097E00AA1F72 /* Build configuration list for PBXNativeTarget "Draw-Cube" */ = {
			isa = XCConfigurationList;
			buildConfigurations = (
				AB739C48275A097E00AA1F72 /* Debug */,
				AB739C49275A097E00AA1F72 /* Release */,
			);
			defaultConfigurationIsVisible = 0;
			defaultConfigurationName = Release;
		};
/* End XCConfigurationList section */
	};
	rootObject = AB739C26275A097B00AA1F72 /* Project object */;
}
