// !$*UTF8*$!
{
	archiveVersion = 1;
	classes = {
	};
	objectVersion = 55;
	objects = {

/* Begin PBXBuildFile section */
		AB3797672762FBDC0007BFAB /* AppDelegate.m in Sources */ = {isa = PBXBuildFile; fileRef = AB3797662762FBDC0007BFAB /* AppDelegate.m */; };
		AB37976A2762FBDC0007BFAB /* SceneDelegate.m in Sources */ = {isa = PBXBuildFile; fileRef = AB3797692762FBDC0007BFAB /* SceneDelegate.m */; };
		AB37976D2762FBDC0007BFAB /* ViewController.m in Sources */ = {isa = PBXBuildFile; fileRef = AB37976C2762FBDC0007BFAB /* ViewController.m */; };
		AB3797702762FBDC0007BFAB /* Main.storyboard in Resources */ = {isa = PBXBuildFile; fileRef = AB37976E2762FBDC0007BFAB /* Main.storyboard */; };
		AB3797722762FBDE0007BFAB /* Assets.xcassets in Resources */ = {isa = PBXBuildFile; fileRef = AB3797712762FBDE0007BFAB /* Assets.xcassets */; };
		AB3797752762FBDE0007BFAB /* LaunchScreen.storyboard in Resources */ = {isa = PBXBuildFile; fileRef = AB3797732762FBDE0007BFAB /* LaunchScreen.storyboard */; };
		AB3797782762FBDE0007BFAB /* main.m in Sources */ = {isa = PBXBuildFile; fileRef = AB3797772762FBDE0007BFAB /* main.m */; };
		AB3797842762FBFB0007BFAB /* MatrixTransform.m in Sources */ = {isa = PBXBuildFile; fileRef = AB37977E2762FBFB0007BFAB /* MatrixTransform.m */; };
		AB3797852762FBFB0007BFAB /* specular_map.png in Resources */ = {isa = PBXBuildFile; fileRef = AB37977F2762FBFB0007BFAB /* specular_map.png */; };
		AB3797862762FBFB0007BFAB /* vertex.glsl in Resources */ = {isa = PBXBuildFile; fileRef = AB3797802762FBFB0007BFAB /* vertex.glsl */; };
		AB3797872762FBFB0007BFAB /* diffuse_map.png in Resources */ = {isa = PBXBuildFile; fileRef = AB3797822762FBFB0007BFAB /* diffuse_map.png */; };
		AB3797882762FBFB0007BFAB /* fragment.glsl in Resources */ = {isa = PBXBuildFile; fileRef = AB3797832762FBFB0007BFAB /* fragment.glsl */; };
/* End PBXBuildFile section */

/* Begin PBXFileReference section */
		AB3797622762FBDC0007BFAB /* texture - lighting Map.app */ = {isa = PBXFileReference; explicitFileType = wrapper.application; includeInIndex = 0; path = "texture - lighting Map.app"; sourceTree = BUILT_PRODUCTS_DIR; };
		AB3797652762FBDC0007BFAB /* AppDelegate.h */ = {isa = PBXFileReference; lastKnownFileType = sourcecode.c.h; path = AppDelegate.h; sourceTree = "<group>"; };
		AB3797662762FBDC0007BFAB /* AppDelegate.m */ = {isa = PBXFileReference; lastKnownFileType = sourcecode.c.objc; path = AppDelegate.m; sourceTree = "<group>"; };
		AB3797682762FBDC0007BFAB /* SceneDelegate.h */ = {isa = PBXFileReference; lastKnownFileType = sourcecode.c.h; path = SceneDelegate.h; sourceTree = "<group>"; };
		AB3797692762FBDC0007BFAB /* SceneDelegate.m */ = {isa = PBXFileReference; lastKnownFileType = sourcecode.c.objc; path = SceneDelegate.m; sourceTree = "<group>"; };
		AB37976B2762FBDC0007BFAB /* ViewController.h */ = {isa = PBXFileReference; lastKnownFileType = sourcecode.c.h; path = ViewController.h; sourceTree = "<group>"; };
		AB37976C2762FBDC0007BFAB /* ViewController.m */ = {isa = PBXFileReference; lastKnownFileType = sourcecode.c.objc; path = ViewController.m; sourceTree = "<group>"; };
		AB37976F2762FBDC0007BFAB /* Base */ = {isa = PBXFileReference; lastKnownFileType = file.storyboard; name = Base; path = Base.lproj/Main.storyboard; sourceTree = "<group>"; };
		AB3797712762FBDE0007BFAB /* Assets.xcassets */ = {isa = PBXFileReference; lastKnownFileType = folder.assetcatalog; path = Assets.xcassets; sourceTree = "<group>"; };
		AB3797742762FBDE0007BFAB /* Base */ = {isa = PBXFileReference; lastKnownFileType = file.storyboard; name = Base; path = Base.lproj/LaunchScreen.storyboard; sourceTree = "<group>"; };
		AB3797762762FBDE0007BFAB /* Info.plist */ = {isa = PBXFileReference; lastKnownFileType = text.plist.xml; path = Info.plist; sourceTree = "<group>"; };
		AB3797772762FBDE0007BFAB /* main.m */ = {isa = PBXFileReference; lastKnownFileType = sourcecode.c.objc; path = main.m; sourceTree = "<group>"; };
		AB37977E2762FBFB0007BFAB /* MatrixTransform.m */ = {isa = PBXFileReference; fileEncoding = 4; lastKnownFileType = sourcecode.c.objc; path = MatrixTransform.m; sourceTree = "<group>"; };
		AB37977F2762FBFB0007BFAB /* specular_map.png */ = {isa = PBXFileReference; lastKnownFileType = image.png; path = specular_map.png; sourceTree = "<group>"; };
		AB3797802762FBFB0007BFAB /* vertex.glsl */ = {isa = PBXFileReference; fileEncoding = 4; lastKnownFileType = text; path = vertex.glsl; sourceTree = "<group>"; };
		AB3797812762FBFB0007BFAB /* MatrixTransform.h */ = {isa = PBXFileReference; fileEncoding = 4; lastKnownFileType = sourcecode.c.h; path = MatrixTransform.h; sourceTree = "<group>"; };
		AB3797822762FBFB0007BFAB /* diffuse_map.png */ = {isa = PBXFileReference; lastKnownFileType = image.png; path = diffuse_map.png; sourceTree = "<group>"; };
		AB3797832762FBFB0007BFAB /* fragment.glsl */ = {isa = PBXFileReference; fileEncoding = 4; lastKnownFileType = text; path = fragment.glsl; sourceTree = "<group>"; };
/* End PBXFileReference section */

/* Begin PBXFrameworksBuildPhase section */
		AB37975F2762FBDC0007BFAB /* Frameworks */ = {
			isa = PBXFrameworksBuildPhase;
			buildActionMask = 2147483647;
			files = (
			);
			runOnlyForDeploymentPostprocessing = 0;
		};
/* End PBXFrameworksBuildPhase section */

/* Begin PBXGroup section */
		AB3797592762FBDC0007BFAB = {
			isa = PBXGroup;
			children = (
				AB3797642762FBDC0007BFAB /* texture - lighting Map */,
				AB3797632762FBDC0007BFAB /* Products */,
			);
			sourceTree = "<group>";
		};
		AB3797632762FBDC0007BFAB /* Products */ = {
			isa = PBXGroup;
			children = (
				AB3797622762FBDC0007BFAB /* texture - lighting Map.app */,
			);
			name = Products;
			sourceTree = "<group>";
		};
		AB3797642762FBDC0007BFAB /* texture - lighting Map */ = {
			isa = PBXGroup;
			children = (
				AB3797652762FBDC0007BFAB /* AppDelegate.h */,
				AB3797662762FBDC0007BFAB /* AppDelegate.m */,
				AB3797682762FBDC0007BFAB /* SceneDelegate.h */,
				AB3797692762FBDC0007BFAB /* SceneDelegate.m */,
				AB37976B2762FBDC0007BFAB /* ViewController.h */,
				AB37976C2762FBDC0007BFAB /* ViewController.m */,
				AB37976E2762FBDC0007BFAB /* Main.storyboard */,
				AB3797822762FBFB0007BFAB /* diffuse_map.png */,
				AB3797832762FBFB0007BFAB /* fragment.glsl */,
				AB3797812762FBFB0007BFAB /* MatrixTransform.h */,
				AB37977E2762FBFB0007BFAB /* MatrixTransform.m */,
				AB37977F2762FBFB0007BFAB /* specular_map.png */,
				AB3797802762FBFB0007BFAB /* vertex.glsl */,
				AB3797712762FBDE0007BFAB /* Assets.xcassets */,
				AB3797732762FBDE0007BFAB /* LaunchScreen.storyboard */,
				AB3797762762FBDE0007BFAB /* Info.plist */,
				AB3797772762FBDE0007BFAB /* main.m */,
			);
			path = "texture - lighting Map";
			sourceTree = "<group>";
		};
/* End PBXGroup section */

/* Begin PBXNativeTarget section */
		AB3797612762FBDC0007BFAB /* texture - lighting Map */ = {
			isa = PBXNativeTarget;
			buildConfigurationList = AB37977B2762FBDE0007BFAB /* Build configuration list for PBXNativeTarget "texture - lighting Map" */;
			buildPhases = (
				AB37975E2762FBDC0007BFAB /* Sources */,
				AB37975F2762FBDC0007BFAB /* Frameworks */,
				AB3797602762FBDC0007BFAB /* Resources */,
			);
			buildRules = (
			);
			dependencies = (
			);
			name = "texture - lighting Map";
			productName = "texture - lighting Map";
			productReference = AB3797622762FBDC0007BFAB /* texture - lighting Map.app */;
			productType = "com.apple.product-type.application";
		};
/* End PBXNativeTarget section */

/* Begin PBXProject section */
		AB37975A2762FBDC0007BFAB /* Project object */ = {
			isa = PBXProject;
			attributes = {
				BuildIndependentTargetsInParallel = 1;
				LastUpgradeCheck = 1300;
				TargetAttributes = {
					AB3797612762FBDC0007BFAB = {
						CreatedOnToolsVersion = 13.0;
					};
				};
			};
			buildConfigurationList = AB37975D2762FBDC0007BFAB /* Build configuration list for PBXProject "texture - lighting Map" */;
			compatibilityVersion = "Xcode 13.0";
			developmentRegion = en;
			hasScannedForEncodings = 0;
			knownRegions = (
				en,
				Base,
			);
			mainGroup = AB3797592762FBDC0007BFAB;
			productRefGroup = AB3797632762FBDC0007BFAB /* Products */;
			projectDirPath = "";
			projectRoot = "";
			targets = (
				AB3797612762FBDC0007BFAB /* texture - lighting Map */,
			);
		};
/* End PBXProject section */

/* Begin PBXResourcesBuildPhase section */
		AB3797602762FBDC0007BFAB /* Resources */ = {
			isa = PBXResourcesBuildPhase;
			buildActionMask = 2147483647;
			files = (
				AB3797752762FBDE0007BFAB /* LaunchScreen.storyboard in Resources */,
				AB3797722762FBDE0007BFAB /* Assets.xcassets in Resources */,
				AB3797702762FBDC0007BFAB /* Main.storyboard in Resources */,
				AB3797852762FBFB0007BFAB /* specular_map.png in Resources */,
				AB3797862762FBFB0007BFAB /* vertex.glsl in Resources */,
				AB3797882762FBFB0007BFAB /* fragment.glsl in Resources */,
				AB3797872762FBFB0007BFAB /* diffuse_map.png in Resources */,
			);
			runOnlyForDeploymentPostprocessing = 0;
		};
/* End PBXResourcesBuildPhase section */

/* Begin PBXSourcesBuildPhase section */
		AB37975E2762FBDC0007BFAB /* Sources */ = {
			isa = PBXSourcesBuildPhase;
			buildActionMask = 2147483647;
			files = (
				AB37976D2762FBDC0007BFAB /* ViewController.m in Sources */,
				AB3797672762FBDC0007BFAB /* AppDelegate.m in Sources */,
				AB3797782762FBDE0007BFAB /* main.m in Sources */,
				AB37976A2762FBDC0007BFAB /* SceneDelegate.m in Sources */,
				AB3797842762FBFB0007BFAB /* MatrixTransform.m in Sources */,
			);
			runOnlyForDeploymentPostprocessing = 0;
		};
/* End PBXSourcesBuildPhase section */

/* Begin PBXVariantGroup section */
		AB37976E2762FBDC0007BFAB /* Main.storyboard */ = {
			isa = PBXVariantGroup;
			children = (
				AB37976F2762FBDC0007BFAB /* Base */,
			);
			name = Main.storyboard;
			sourceTree = "<group>";
		};
		AB3797732762FBDE0007BFAB /* LaunchScreen.storyboard */ = {
			isa = PBXVariantGroup;
			children = (
				AB3797742762FBDE0007BFAB /* Base */,
			);
			name = LaunchScreen.storyboard;
			sourceTree = "<group>";
		};
/* End PBXVariantGroup section */

/* Begin XCBuildConfiguration section */
		AB3797792762FBDE0007BFAB /* Debug */ = {
			isa = XCBuildConfiguration;
			buildSettings = {
				ALWAYS_SEARCH_USER_PATHS = NO;
				CLANG_ANALYZER_NONNULL = YES;
				CLANG_ANALYZER_NUMBER_OBJECT_CONVERSION = YES_AGGRESSIVE;
				CLANG_CXX_LANGUAGE_STANDARD = "gnu++17";
				CLANG_CXX_LIBRARY = "libc++";
				CLANG_ENABLE_MODULES = YES;
				CLANG_ENABLE_OBJC_ARC = YES;
				CLANG_ENABLE_OBJC_WEAK = YES;
				CLANG_WARN_BLOCK_CAPTURE_AUTORELEASING = YES;
				CLANG_WARN_BOOL_CONVERSION = YES;
				CLANG_WARN_COMMA = YES;
				CLANG_WARN_CONSTANT_CONVERSION = YES;
				CLANG_WARN_DEPRECATED_OBJC_IMPLEMENTATIONS = YES;
				CLANG_WARN_DIRECT_OBJC_ISA_USAGE = YES_ERROR;
				CLANG_WARN_DOCUMENTATION_COMMENTS = YES;
				CLANG_WARN_EMPTY_BODY = YES;
				CLANG_WARN_ENUM_CONVERSION = YES;
				CLANG_WARN_INFINITE_RECURSION = YES;
				CLANG_WARN_INT_CONVERSION = YES;
				CLANG_WARN_NON_LITERAL_NULL_CONVERSION = YES;
				CLANG_WARN_OBJC_IMPLICIT_RETAIN_SELF = YES;
				CLANG_WARN_OBJC_LITERAL_CONVERSION = YES;
				CLANG_WARN_OBJC_ROOT_CLASS = YES_ERROR;
				CLANG_WARN_QUOTED_INCLUDE_IN_FRAMEWORK_HEADER = YES;
				CLANG_WARN_RANGE_LOOP_ANALYSIS = YES;
				CLANG_WARN_STRICT_PROTOTYPES = YES;
				CLANG_WARN_SUSPICIOUS_MOVE = YES;
				CLANG_WARN_UNGUARDED_AVAILABILITY = YES_AGGRESSIVE;
				CLANG_WARN_UNREACHABLE_CODE = YES;
				CLANG_WARN__DUPLICATE_METHOD_MATCH = YES;
				COPY_PHASE_STRIP = NO;
				DEBUG_INFORMATION_FORMAT = dwarf;
				ENABLE_STRICT_OBJC_MSGSEND = YES;
				ENABLE_TESTABILITY = YES;
				GCC_C_LANGUAGE_STANDARD = gnu11;
				GCC_DYNAMIC_NO_PIC = NO;
				GCC_NO_COMMON_BLOCKS = YES;
				GCC_OPTIMIZATION_LEVEL = 0;
				GCC_PREPROCESSOR_DEFINITIONS = (
					"DEBUG=1",
					"$(inherited)",
				);
				GCC_WARN_64_TO_32_BIT_CONVERSION = YES;
				GCC_WARN_ABOUT_RETURN_TYPE = YES_ERROR;
				GCC_WARN_UNDECLARED_SELECTOR = YES;
				GCC_WARN_UNINITIALIZED_AUTOS = YES_AGGRESSIVE;
				GCC_WARN_UNUSED_FUNCTION = YES;
				GCC_WARN_UNUSED_VARIABLE = YES;
				IPHONEOS_DEPLOYMENT_TARGET = 15.0;
				MTL_ENABLE_DEBUG_INFO = INCLUDE_SOURCE;
				MTL_FAST_MATH = YES;
				ONLY_ACTIVE_ARCH = YES;
				SDKROOT = iphoneos;
			};
			name = Debug;
		};
		AB37977A2762FBDE0007BFAB /* Release */ = {
			isa = XCBuildConfiguration;
			buildSettings = {
				ALWAYS_SEARCH_USER_PATHS = NO;
				CLANG_ANALYZER_NONNULL = YES;
				CLANG_ANALYZER_NUMBER_OBJECT_CONVERSION = YES_AGGRESSIVE;
				CLANG_CXX_LANGUAGE_STANDARD = "gnu++17";
				CLANG_CXX_LIBRARY = "libc++";
				CLANG_ENABLE_MODULES = YES;
				CLANG_ENABLE_OBJC_ARC = YES;
				CLANG_ENABLE_OBJC_WEAK = YES;
				CLANG_WARN_BLOCK_CAPTURE_AUTORELEASING = YES;
				CLANG_WARN_BOOL_CONVERSION = YES;
				CLANG_WARN_COMMA = YES;
				CLANG_WARN_CONSTANT_CONVERSION = YES;
				CLANG_WARN_DEPRECATED_OBJC_IMPLEMENTATIONS = YES;
				CLANG_WARN_DIRECT_OBJC_ISA_USAGE = YES_ERROR;
				CLANG_WARN_DOCUMENTATION_COMMENTS = YES;
				CLANG_WARN_EMPTY_BODY = YES;
				CLANG_WARN_ENUM_CONVERSION = YES;
				CLANG_WARN_INFINITE_RECURSION = YES;
				CLANG_WARN_INT_CONVERSION = YES;
				CLANG_WARN_NON_LITERAL_NULL_CONVERSION = YES;
				CLANG_WARN_OBJC_IMPLICIT_RETAIN_SELF = YES;
				CLANG_WARN_OBJC_LITERAL_CONVERSION = YES;
				CLANG_WARN_OBJC_ROOT_CLASS = YES_ERROR;
				CLANG_WARN_QUOTED_INCLUDE_IN_FRAMEWORK_HEADER = YES;
				CLANG_WARN_RANGE_LOOP_ANALYSIS = YES;
				CLANG_WARN_STRICT_PROTOTYPES = YES;
				CLANG_WARN_SUSPICIOUS_MOVE = YES;
				CLANG_WARN_UNGUARDED_AVAILABILITY = YES_AGGRESSIVE;
				CLANG_WARN_UNREACHABLE_CODE = YES;
				CLANG_WARN__DUPLICATE_METHOD_MATCH = YES;
				COPY_PHASE_STRIP = NO;
				DEBUG_INFORMATION_FORMAT = "dwarf-with-dsym";
				ENABLE_NS_ASSERTIONS = NO;
				ENABLE_STRICT_OBJC_MSGSEND = YES;
				GCC_C_LANGUAGE_STANDARD = gnu11;
				GCC_NO_COMMON_BLOCKS = YES;
				GCC_WARN_64_TO_32_BIT_CONVERSION = YES;
				GCC_WARN_ABOUT_RETURN_TYPE = YES_ERROR;
				GCC_WARN_UNDECLARED_SELECTOR = YES;
				GCC_WARN_UNINITIALIZED_AUTOS = YES_AGGRESSIVE;
				GCC_WARN_UNUSED_FUNCTION = YES;
				GCC_WARN_UNUSED_VARIABLE = YES;
				IPHONEOS_DEPLOYMENT_TARGET = 15.0;
				MTL_ENABLE_DEBUG_INFO = NO;
				MTL_FAST_MATH = YES;
				SDKROOT = iphoneos;
				VALIDATE_PRODUCT = YES;
			};
			name = Release;
		};
		AB37977C2762FBDE0007BFAB /* Debug */ = {
			isa = XCBuildConfiguration;
			buildSettings = {
				ASSETCATALOG_COMPILER_APPICON_NAME = AppIcon;
				ASSETCATALOG_COMPILER_GLOBAL_ACCENT_COLOR_NAME = AccentColor;
				CODE_SIGN_STYLE = Automatic;
				CURRENT_PROJECT_VERSION = 1;
				DEVELOPMENT_TEAM = 563M4H9P36;
				GCC_PREPROCESSOR_DEFINITIONS = "GLES_SILENCE_DEPRECATION=1";
				GENERATE_INFOPLIST_FILE = YES;
				INFOPLIST_FILE = "texture - lighting Map/Info.plist";
				INFOPLIST_KEY_UIApplicationSupportsIndirectInputEvents = YES;
				INFOPLIST_KEY_UILaunchStoryboardName = LaunchScreen;
				INFOPLIST_KEY_UIMainStoryboardFile = Main;
				INFOPLIST_KEY_UISupportedInterfaceOrientations_iPad = "UIInterfaceOrientationPortrait UIInterfaceOrientationPortraitUpsideDown UIInterfaceOrientationLandscapeLeft UIInterfaceOrientationLandscapeRight";
				INFOPLIST_KEY_UISupportedInterfaceOrientations_iPhone = "UIInterfaceOrientationPortrait UIInterfaceOrientationLandscapeLeft UIInterfaceOrientationLandscapeRight";
				LD_RUNPATH_SEARCH_PATHS = (
					"$(inherited)",
					"@executable_path/Frameworks",
				);
				MARKETING_VERSION = 1.0;
				PRODUCT_BUNDLE_IDENTIFIER = "ss.texture---lighting-Map";
				PRODUCT_NAME = "$(TARGET_NAME)";
				SWIFT_EMIT_LOC_STRINGS = YES;
				TARGETED_DEVICE_FAMILY = "1,2";
			};
			name = Debug;
		};
		AB37977D2762FBDE0007BFAB /* Release */ = {
			isa = XCBuildConfiguration;
			buildSettings = {
				ASSETCATALOG_COMPILER_APPICON_NAME = AppIcon;
				ASSETCATALOG_COMPILER_GLOBAL_ACCENT_COLOR_NAME = AccentColor;
				CODE_SIGN_STYLE = Automatic;
				CURRENT_PROJECT_VERSION = 1;
				DEVELOPMENT_TEAM = 563M4H9P36;
				GCC_PREPROCESSOR_DEFINITIONS = "GLES_SILENCE_DEPRECATION=1";
				GENERATE_INFOPLIST_FILE = YES;
				INFOPLIST_FILE = "texture - lighting Map/Info.plist";
				INFOPLIST_KEY_UIApplicationSupportsIndirectInputEvents = YES;
				INFOPLIST_KEY_UILaunchStoryboardName = LaunchScreen;
				INFOPLIST_KEY_UIMainStoryboardFile = Main;
				INFOPLIST_KEY_UISupportedInterfaceOrientations_iPad = "UIInterfaceOrientationPortrait UIInterfaceOrientationPortraitUpsideDown UIInterfaceOrientationLandscapeLeft UIInterfaceOrientationLandscapeRight";
				INFOPLIST_KEY_UISupportedInterfaceOrientations_iPhone = "UIInterfaceOrientationPortrait UIInterfaceOrientationLandscapeLeft UIInterfaceOrientationLandscapeRight";
				LD_RUNPATH_SEARCH_PATHS = (
					"$(inherited)",
					"@executable_path/Frameworks",
				);
				MARKETING_VERSION = 1.0;
				PRODUCT_BUNDLE_IDENTIFIER = "ss.texture---lighting-Map";
				PRODUCT_NAME = "$(TARGET_NAME)";
				SWIFT_EMIT_LOC_STRINGS = YES;
				TARGETED_DEVICE_FAMILY = "1,2";
			};
			name = Release;
		};
/* End XCBuildConfiguration section */

/* Begin XCConfigurationList section */
		AB37975D2762FBDC0007BFAB /* Build configuration list for PBXProject "texture - lighting Map" */ = {
			isa = XCConfigurationList;
			buildConfigurations = (
				AB3797792762FBDE0007BFAB /* Debug */,
				AB37977A2762FBDE0007BFAB /* Release */,
			);
			defaultConfigurationIsVisible = 0;
			defaultConfigurationName = Release;
		};
		AB37977B2762FBDE0007BFAB /* Build configuration list for PBXNativeTarget "texture - lighting Map" */ = {
			isa = XCConfigurationList;
			buildConfigurations = (
				AB37977C2762FBDE0007BFAB /* Debug */,
				AB37977D2762FBDE0007BFAB /* Release */,
			);
			defaultConfigurationIsVisible = 0;
			defaultConfigurationName = Release;
		};
/* End XCConfigurationList section */
	};
	rootObject = AB37975A2762FBDC0007BFAB /* Project object */;
}
