// !$*UTF8*$!
{
	archiveVersion = 1;
	classes = {
	};
	objectVersion = 55;
	objects = {

/* Begin PBXBuildFile section */
		AB37979727632E000007BFAB /* AppDelegate.m in Sources */ = {isa = PBXBuildFile; fileRef = AB37979627632E000007BFAB /* AppDelegate.m */; };
		AB37979A27632E000007BFAB /* SceneDelegate.m in Sources */ = {isa = PBXBuildFile; fileRef = AB37979927632E000007BFAB /* SceneDelegate.m */; };
		AB3797A027632E000007BFAB /* Main.storyboard in Resources */ = {isa = PBXBuildFile; fileRef = AB37979E27632E000007BFAB /* Main.storyboard */; };
		AB3797A227632E010007BFAB /* Assets.xcassets in Resources */ = {isa = PBXBuildFile; fileRef = AB3797A127632E010007BFAB /* Assets.xcassets */; };
		AB3797A527632E010007BFAB /* LaunchScreen.storyboard in Resources */ = {isa = PBXBuildFile; fileRef = AB3797A327632E010007BFAB /* LaunchScreen.storyboard */; };
		AB3797A827632E010007BFAB /* main.m in Sources */ = {isa = PBXBuildFile; fileRef = AB3797A727632E010007BFAB /* main.m */; };
		AB3797B027632F190007BFAB /* MatrixTransform.m in Sources */ = {isa = PBXBuildFile; fileRef = AB3797AF27632F190007BFAB /* MatrixTransform.m */; };
		AB3797B327632F3E0007BFAB /* ViewController.m in Sources */ = {isa = PBXBuildFile; fileRef = AB3797B227632F3E0007BFAB /* ViewController.m */; };
		AB3797B6276334F50007BFAB /* fragment.glsl in Resources */ = {isa = PBXBuildFile; fileRef = AB3797B4276334F40007BFAB /* fragment.glsl */; };
		AB3797B7276334F50007BFAB /* vertex.glsl in Resources */ = {isa = PBXBuildFile; fileRef = AB3797B5276334F50007BFAB /* vertex.glsl */; };
/* End PBXBuildFile section */

/* Begin PBXFileReference section */
		AB37979227632E000007BFAB /* VAO VBO.app */ = {isa = PBXFileReference; explicitFileType = wrapper.application; includeInIndex = 0; path = "VAO VBO.app"; sourceTree = BUILT_PRODUCTS_DIR; };
		AB37979527632E000007BFAB /* AppDelegate.h */ = {isa = PBXFileReference; lastKnownFileType = sourcecode.c.h; path = AppDelegate.h; sourceTree = "<group>"; };
		AB37979627632E000007BFAB /* AppDelegate.m */ = {isa = PBXFileReference; lastKnownFileType = sourcecode.c.objc; path = AppDelegate.m; sourceTree = "<group>"; };
		AB37979827632E000007BFAB /* SceneDelegate.h */ = {isa = PBXFileReference; lastKnownFileType = sourcecode.c.h; path = SceneDelegate.h; sourceTree = "<group>"; };
		AB37979927632E000007BFAB /* SceneDelegate.m */ = {isa = PBXFileReference; lastKnownFileType = sourcecode.c.objc; path = SceneDelegate.m; sourceTree = "<group>"; };
		AB37979F27632E000007BFAB /* Base */ = {isa = PBXFileReference; lastKnownFileType = file.storyboard; name = Base; path = Base.lproj/Main.storyboard; sourceTree = "<group>"; };
		AB3797A127632E010007BFAB /* Assets.xcassets */ = {isa = PBXFileReference; lastKnownFileType = folder.assetcatalog; path = Assets.xcassets; sourceTree = "<group>"; };
		AB3797A427632E010007BFAB /* Base */ = {isa = PBXFileReference; lastKnownFileType = file.storyboard; name = Base; path = Base.lproj/LaunchScreen.storyboard; sourceTree = "<group>"; };
		AB3797A627632E010007BFAB /* Info.plist */ = {isa = PBXFileReference; lastKnownFileType = text.plist.xml; path = Info.plist; sourceTree = "<group>"; };
		AB3797A727632E010007BFAB /* main.m */ = {isa = PBXFileReference; lastKnownFileType = sourcecode.c.objc; path = main.m; sourceTree = "<group>"; };
		AB3797AE27632F190007BFAB /* MatrixTransform.h */ = {isa = PBXFileReference; fileEncoding = 4; lastKnownFileType = sourcecode.c.h; name = MatrixTransform.h; path = "../../../05 - MVP矩阵变换/MVP-Transform/MVP-Transform/MatrixTransform.h"; sourceTree = "<group>"; };
		AB3797AF27632F190007BFAB /* MatrixTransform.m */ = {isa = PBXFileReference; fileEncoding = 4; lastKnownFileType = sourcecode.c.objc; name = MatrixTransform.m; path = "../../../05 - MVP矩阵变换/MVP-Transform/MVP-Transform/MatrixTransform.m"; sourceTree = "<group>"; };
		AB3797B127632F3E0007BFAB /* ViewController.h */ = {isa = PBXFileReference; lastKnownFileType = sourcecode.c.h; path = ViewController.h; sourceTree = "<group>"; };
		AB3797B227632F3E0007BFAB /* ViewController.m */ = {isa = PBXFileReference; lastKnownFileType = sourcecode.c.objc; path = ViewController.m; sourceTree = "<group>"; };
		AB3797B4276334F40007BFAB /* fragment.glsl */ = {isa = PBXFileReference; fileEncoding = 4; lastKnownFileType = text; path = fragment.glsl; sourceTree = "<group>"; };
		AB3797B5276334F50007BFAB /* vertex.glsl */ = {isa = PBXFileReference; fileEncoding = 4; lastKnownFileType = text; path = vertex.glsl; sourceTree = "<group>"; };
/* End PBXFileReference section */

/* Begin PBXFrameworksBuildPhase section */
		AB37978F27632E000007BFAB /* Frameworks */ = {
			isa = PBXFrameworksBuildPhase;
			buildActionMask = 2147483647;
			files = (
			);
			runOnlyForDeploymentPostprocessing = 0;
		};
/* End PBXFrameworksBuildPhase section */

/* Begin PBXGroup section */
		AB37978927632E000007BFAB = {
			isa = PBXGroup;
			children = (
				AB37979427632E000007BFAB /* VAO VBO */,
				AB37979327632E000007BFAB /* Products */,
			);
			sourceTree = "<group>";
		};
		AB37979327632E000007BFAB /* Products */ = {
			isa = PBXGroup;
			children = (
				AB37979227632E000007BFAB /* VAO VBO.app */,
			);
			name = Products;
			sourceTree = "<group>";
		};
		AB37979427632E000007BFAB /* VAO VBO */ = {
			isa = PBXGroup;
			children = (
				AB37979527632E000007BFAB /* AppDelegate.h */,
				AB37979627632E000007BFAB /* AppDelegate.m */,
				AB37979827632E000007BFAB /* SceneDelegate.h */,
				AB37979927632E000007BFAB /* SceneDelegate.m */,
				AB3797AE27632F190007BFAB /* MatrixTransform.h */,
				AB3797AF27632F190007BFAB /* MatrixTransform.m */,
				AB37979E27632E000007BFAB /* Main.storyboard */,
				AB3797B4276334F40007BFAB /* fragment.glsl */,
				AB3797B5276334F50007BFAB /* vertex.glsl */,
				AB3797B127632F3E0007BFAB /* ViewController.h */,
				AB3797B227632F3E0007BFAB /* ViewController.m */,
				AB3797A127632E010007BFAB /* Assets.xcassets */,
				AB3797A327632E010007BFAB /* LaunchScreen.storyboard */,
				AB3797A627632E010007BFAB /* Info.plist */,
				AB3797A727632E010007BFAB /* main.m */,
			);
			path = "VAO VBO";
			sourceTree = "<group>";
		};
/* End PBXGroup section */

/* Begin PBXNativeTarget section */
		AB37979127632E000007BFAB /* VAO VBO */ = {
			isa = PBXNativeTarget;
			buildConfigurationList = AB3797AB27632E010007BFAB /* Build configuration list for PBXNativeTarget "VAO VBO" */;
			buildPhases = (
				AB37978E27632E000007BFAB /* Sources */,
				AB37978F27632E000007BFAB /* Frameworks */,
				AB37979027632E000007BFAB /* Resources */,
			);
			buildRules = (
			);
			dependencies = (
			);
			name = "VAO VBO";
			productName = "VAO VBO";
			productReference = AB37979227632E000007BFAB /* VAO VBO.app */;
			productType = "com.apple.product-type.application";
		};
/* End PBXNativeTarget section */

/* Begin PBXProject section */
		AB37978A27632E000007BFAB /* Project object */ = {
			isa = PBXProject;
			attributes = {
				BuildIndependentTargetsInParallel = 1;
				LastUpgradeCheck = 1300;
				TargetAttributes = {
					AB37979127632E000007BFAB = {
						CreatedOnToolsVersion = 13.0;
					};
				};
			};
			buildConfigurationList = AB37978D27632E000007BFAB /* Build configuration list for PBXProject "VAO VBO" */;
			compatibilityVersion = "Xcode 13.0";
			developmentRegion = en;
			hasScannedForEncodings = 0;
			knownRegions = (
				en,
				Base,
			);
			mainGroup = AB37978927632E000007BFAB;
			productRefGroup = AB37979327632E000007BFAB /* Products */;
			projectDirPath = "";
			projectRoot = "";
			targets = (
				AB37979127632E000007BFAB /* VAO VBO */,
			);
		};
/* End PBXProject section */

/* Begin PBXResourcesBuildPhase section */
		AB37979027632E000007BFAB /* Resources */ = {
			isa = PBXResourcesBuildPhase;
			buildActionMask = 2147483647;
			files = (
				AB3797A527632E010007BFAB /* LaunchScreen.storyboard in Resources */,
				AB3797B6276334F50007BFAB /* fragment.glsl in Resources */,
				AB3797A227632E010007BFAB /* Assets.xcassets in Resources */,
				AB3797B7276334F50007BFAB /* vertex.glsl in Resources */,
				AB3797A027632E000007BFAB /* Main.storyboard in Resources */,
			);
			runOnlyForDeploymentPostprocessing = 0;
		};
/* End PBXResourcesBuildPhase section */

/* Begin PBXSourcesBuildPhase section */
		AB37978E27632E000007BFAB /* Sources */ = {
			isa = PBXSourcesBuildPhase;
			buildActionMask = 2147483647;
			files = (
				AB37979727632E000007BFAB /* AppDelegate.m in Sources */,
				AB3797A827632E010007BFAB /* main.m in Sources */,
				AB37979A27632E000007BFAB /* SceneDelegate.m in Sources */,
				AB3797B027632F190007BFAB /* MatrixTransform.m in Sources */,
				AB3797B327632F3E0007BFAB /* ViewController.m in Sources */,
			);
			runOnlyForDeploymentPostprocessing = 0;
		};
/* End PBXSourcesBuildPhase section */

/* Begin PBXVariantGroup section */
		AB37979E27632E000007BFAB /* Main.storyboard */ = {
			isa = PBXVariantGroup;
			children = (
				AB37979F27632E000007BFAB /* Base */,
			);
			name = Main.storyboard;
			sourceTree = "<group>";
		};
		AB3797A327632E010007BFAB /* LaunchScreen.storyboard */ = {
			isa = PBXVariantGroup;
			children = (
				AB3797A427632E010007BFAB /* Base */,
			);
			name = LaunchScreen.storyboard;
			sourceTree = "<group>";
		};
/* End PBXVariantGroup section */

/* Begin XCBuildConfiguration section */
		AB3797A927632E010007BFAB /* Debug */ = {
			isa = XCBuildConfiguration;
			buildSettings = {
				ALWAYS_SEARCH_USER_PATHS = NO;
				CLANG_ANALYZER_NONNULL = YES;
				CLANG_ANALYZER_NUMBER_OBJECT_CONVERSION = YES_AGGRESSIVE;
				CLANG_CXX_LANGUAGE_STANDARD = "gnu++17";
				CLANG_CXX_LIBRARY = "libc++";
				CLANG_ENABLE_MODULES = YES;
				CLANG_ENABLE_OBJC_ARC = YES;
				CLANG_ENABLE_OBJC_WEAK = YES;
				CLANG_WARN_BLOCK_CAPTURE_AUTORELEASING = YES;
				CLANG_WARN_BOOL_CONVERSION = YES;
				CLANG_WARN_COMMA = YES;
				CLANG_WARN_CONSTANT_CONVERSION = YES;
				CLANG_WARN_DEPRECATED_OBJC_IMPLEMENTATIONS = YES;
				CLANG_WARN_DIRECT_OBJC_ISA_USAGE = YES_ERROR;
				CLANG_WARN_DOCUMENTATION_COMMENTS = YES;
				CLANG_WARN_EMPTY_BODY = YES;
				CLANG_WARN_ENUM_CONVERSION = YES;
				CLANG_WARN_INFINITE_RECURSION = YES;
				CLANG_WARN_INT_CONVERSION = YES;
				CLANG_WARN_NON_LITERAL_NULL_CONVERSION = YES;
				CLANG_WARN_OBJC_IMPLICIT_RETAIN_SELF = YES;
				CLANG_WARN_OBJC_LITERAL_CONVERSION = YES;
				CLANG_WARN_OBJC_ROOT_CLASS = YES_ERROR;
				CLANG_WARN_QUOTED_INCLUDE_IN_FRAMEWORK_HEADER = YES;
				CLANG_WARN_RANGE_LOOP_ANALYSIS = YES;
				CLANG_WARN_STRICT_PROTOTYPES = YES;
				CLANG_WARN_SUSPICIOUS_MOVE = YES;
				CLANG_WARN_UNGUARDED_AVAILABILITY = YES_AGGRESSIVE;
				CLANG_WARN_UNREACHABLE_CODE = YES;
				CLANG_WARN__DUPLICATE_METHOD_MATCH = YES;
				COPY_PHASE_STRIP = NO;
				DEBUG_INFORMATION_FORMAT = dwarf;
				ENABLE_STRICT_OBJC_MSGSEND = YES;
				ENABLE_TESTABILITY = YES;
				GCC_C_LANGUAGE_STANDARD = gnu11;
				GCC_DYNAMIC_NO_PIC = NO;
				GCC_NO_COMMON_BLOCKS = YES;
				GCC_OPTIMIZATION_LEVEL = 0;
				GCC_PREPROCESSOR_DEFINITIONS = (
					"DEBUG=1",
					"$(inherited)",
				);
				GCC_WARN_64_TO_32_BIT_CONVERSION = YES;
				GCC_WARN_ABOUT_RETURN_TYPE = YES_ERROR;
				GCC_WARN_UNDECLARED_SELECTOR = YES;
				GCC_WARN_UNINITIALIZED_AUTOS = YES_AGGRESSIVE;
				GCC_WARN_UNUSED_FUNCTION = YES;
				GCC_WARN_UNUSED_VARIABLE = YES;
				IPHONEOS_DEPLOYMENT_TARGET = 15.0;
				MTL_ENABLE_DEBUG_INFO = INCLUDE_SOURCE;
				MTL_FAST_MATH = YES;
				ONLY_ACTIVE_ARCH = YES;
				SDKROOT = iphoneos;
			};
			name = Debug;
		};
		AB3797AA27632E010007BFAB /* Release */ = {
			isa = XCBuildConfiguration;
			buildSettings = {
				ALWAYS_SEARCH_USER_PATHS = NO;
				CLANG_ANALYZER_NONNULL = YES;
				CLANG_ANALYZER_NUMBER_OBJECT_CONVERSION = YES_AGGRESSIVE;
				CLANG_CXX_LANGUAGE_STANDARD = "gnu++17";
				CLANG_CXX_LIBRARY = "libc++";
				CLANG_ENABLE_MODULES = YES;
				CLANG_ENABLE_OBJC_ARC = YES;
				CLANG_ENABLE_OBJC_WEAK = YES;
				CLANG_WARN_BLOCK_CAPTURE_AUTORELEASING = YES;
				CLANG_WARN_BOOL_CONVERSION = YES;
				CLANG_WARN_COMMA = YES;
				CLANG_WARN_CONSTANT_CONVERSION = YES;
				CLANG_WARN_DEPRECATED_OBJC_IMPLEMENTATIONS = YES;
				CLANG_WARN_DIRECT_OBJC_ISA_USAGE = YES_ERROR;
				CLANG_WARN_DOCUMENTATION_COMMENTS = YES;
				CLANG_WARN_EMPTY_BODY = YES;
				CLANG_WARN_ENUM_CONVERSION = YES;
				CLANG_WARN_INFINITE_RECURSION = YES;
				CLANG_WARN_INT_CONVERSION = YES;
				CLANG_WARN_NON_LITERAL_NULL_CONVERSION = YES;
				CLANG_WARN_OBJC_IMPLICIT_RETAIN_SELF = YES;
				CLANG_WARN_OBJC_LITERAL_CONVERSION = YES;
				CLANG_WARN_OBJC_ROOT_CLASS = YES_ERROR;
				CLANG_WARN_QUOTED_INCLUDE_IN_FRAMEWORK_HEADER = YES;
				CLANG_WARN_RANGE_LOOP_ANALYSIS = YES;
				CLANG_WARN_STRICT_PROTOTYPES = YES;
				CLANG_WARN_SUSPICIOUS_MOVE = YES;
				CLANG_WARN_UNGUARDED_AVAILABILITY = YES_AGGRESSIVE;
				CLANG_WARN_UNREACHABLE_CODE = YES;
				CLANG_WARN__DUPLICATE_METHOD_MATCH = YES;
				COPY_PHASE_STRIP = NO;
				DEBUG_INFORMATION_FORMAT = "dwarf-with-dsym";
				ENABLE_NS_ASSERTIONS = NO;
				ENABLE_STRICT_OBJC_MSGSEND = YES;
				GCC_C_LANGUAGE_STANDARD = gnu11;
				GCC_NO_COMMON_BLOCKS = YES;
				GCC_WARN_64_TO_32_BIT_CONVERSION = YES;
				GCC_WARN_ABOUT_RETURN_TYPE = YES_ERROR;
				GCC_WARN_UNDECLARED_SELECTOR = YES;
				GCC_WARN_UNINITIALIZED_AUTOS = YES_AGGRESSIVE;
				GCC_WARN_UNUSED_FUNCTION = YES;
				GCC_WARN_UNUSED_VARIABLE = YES;
				IPHONEOS_DEPLOYMENT_TARGET = 15.0;
				MTL_ENABLE_DEBUG_INFO = NO;
				MTL_FAST_MATH = YES;
				SDKROOT = iphoneos;
				VALIDATE_PRODUCT = YES;
			};
			name = Release;
		};
		AB3797AC27632E010007BFAB /* Debug */ = {
			isa = XCBuildConfiguration;
			buildSettings = {
				ASSETCATALOG_COMPILER_APPICON_NAME = AppIcon;
				ASSETCATALOG_COMPILER_GLOBAL_ACCENT_COLOR_NAME = AccentColor;
				CODE_SIGN_STYLE = Automatic;
				CURRENT_PROJECT_VERSION = 1;
				DEVELOPMENT_TEAM = 563M4H9P36;
				GCC_PREPROCESSOR_DEFINITIONS = "GLES_SILENCE_DEPRECATION=1";
				GENERATE_INFOPLIST_FILE = YES;
				INFOPLIST_FILE = "VAO VBO/Info.plist";
				INFOPLIST_KEY_UIApplicationSupportsIndirectInputEvents = YES;
				INFOPLIST_KEY_UILaunchStoryboardName = LaunchScreen;
				INFOPLIST_KEY_UIMainStoryboardFile = Main;
				INFOPLIST_KEY_UISupportedInterfaceOrientations_iPad = "UIInterfaceOrientationPortrait UIInterfaceOrientationPortraitUpsideDown UIInterfaceOrientationLandscapeLeft UIInterfaceOrientationLandscapeRight";
				INFOPLIST_KEY_UISupportedInterfaceOrientations_iPhone = "UIInterfaceOrientationPortrait UIInterfaceOrientationLandscapeLeft UIInterfaceOrientationLandscapeRight";
				IPHONEOS_DEPLOYMENT_TARGET = 13.0;
				LD_RUNPATH_SEARCH_PATHS = (
					"$(inherited)",
					"@executable_path/Frameworks",
				);
				MARKETING_VERSION = 1.0;
				PRODUCT_BUNDLE_IDENTIFIER = "ss.VAO-VBO";
				PRODUCT_NAME = "$(TARGET_NAME)";
				SWIFT_EMIT_LOC_STRINGS = YES;
				TARGETED_DEVICE_FAMILY = "1,2";
			};
			name = Debug;
		};
		AB3797AD27632E010007BFAB /* Release */ = {
			isa = XCBuildConfiguration;
			buildSettings = {
				ASSETCATALOG_COMPILER_APPICON_NAME = AppIcon;
				ASSETCATALOG_COMPILER_GLOBAL_ACCENT_COLOR_NAME = AccentColor;
				CODE_SIGN_STYLE = Automatic;
				CURRENT_PROJECT_VERSION = 1;
				DEVELOPMENT_TEAM = 563M4H9P36;
				GCC_PREPROCESSOR_DEFINITIONS = "GLES_SILENCE_DEPRECATION=1";
				GENERATE_INFOPLIST_FILE = YES;
				INFOPLIST_FILE = "VAO VBO/Info.plist";
				INFOPLIST_KEY_UIApplicationSupportsIndirectInputEvents = YES;
				INFOPLIST_KEY_UILaunchStoryboardName = LaunchScreen;
				INFOPLIST_KEY_UIMainStoryboardFile = Main;
				INFOPLIST_KEY_UISupportedInterfaceOrientations_iPad = "UIInterfaceOrientationPortrait UIInterfaceOrientationPortraitUpsideDown UIInterfaceOrientationLandscapeLeft UIInterfaceOrientationLandscapeRight";
				INFOPLIST_KEY_UISupportedInterfaceOrientations_iPhone = "UIInterfaceOrientationPortrait UIInterfaceOrientationLandscapeLeft UIInterfaceOrientationLandscapeRight";
				IPHONEOS_DEPLOYMENT_TARGET = 13.0;
				LD_RUNPATH_SEARCH_PATHS = (
					"$(inherited)",
					"@executable_path/Frameworks",
				);
				MARKETING_VERSION = 1.0;
				PRODUCT_BUNDLE_IDENTIFIER = "ss.VAO-VBO";
				PRODUCT_NAME = "$(TARGET_NAME)";
				SWIFT_EMIT_LOC_STRINGS = YES;
				TARGETED_DEVICE_FAMILY = "1,2";
			};
			name = Release;
		};
/* End XCBuildConfiguration section */

/* Begin XCConfigurationList section */
		AB37978D27632E000007BFAB /* Build configuration list for PBXProject "VAO VBO" */ = {
			isa = XCConfigurationList;
			buildConfigurations = (
				AB3797A927632E010007BFAB /* Debug */,
				AB3797AA27632E010007BFAB /* Release */,
			);
			defaultConfigurationIsVisible = 0;
			defaultConfigurationName = Release;
		};
		AB3797AB27632E010007BFAB /* Build configuration list for PBXNativeTarget "VAO VBO" */ = {
			isa = XCConfigurationList;
			buildConfigurations = (
				AB3797AC27632E010007BFAB /* Debug */,
				AB3797AD27632E010007BFAB /* Release */,
			);
			defaultConfigurationIsVisible = 0;
			defaultConfigurationName = Release;
		};
/* End XCConfigurationList section */
	};
	rootObject = AB37978A27632E000007BFAB /* Project object */;
}
