// !$*UTF8*$!
{
	archiveVersion = 1;
	classes = {
	};
	objectVersion = 55;
	objects = {

/* Begin PBXBuildFile section */
		ABF455F2275F4AA700AE5136 /* AppDelegate.m in Sources */ = {isa = PBXBuildFile; fileRef = ABF455F1275F4AA700AE5136 /* AppDelegate.m */; };
		ABF455F5275F4AA700AE5136 /* SceneDelegate.m in Sources */ = {isa = PBXBuildFile; fileRef = ABF455F4275F4AA700AE5136 /* SceneDelegate.m */; };
		ABF455FB275F4AA700AE5136 /* Main.storyboard in Resources */ = {isa = PBXBuildFile; fileRef = ABF455F9275F4AA700AE5136 /* Main.storyboard */; };
		ABF455FD275F4AA800AE5136 /* Assets.xcassets in Resources */ = {isa = PBXBuildFile; fileRef = ABF455FC275F4AA800AE5136 /* Assets.xcassets */; };
		ABF45600275F4AA800AE5136 /* LaunchScreen.storyboard in Resources */ = {isa = PBXBuildFile; fileRef = ABF455FE275F4AA800AE5136 /* LaunchScreen.storyboard */; };
		ABF45603275F4AA800AE5136 /* main.m in Sources */ = {isa = PBXBuildFile; fileRef = ABF45602275F4AA800AE5136 /* main.m */; };
		ABF4560F275F4AEA00AE5136 /* ViewController.m in Sources */ = {isa = PBXBuildFile; fileRef = ABF45609275F4AEA00AE5136 /* ViewController.m */; };
		ABF45610275F4AEA00AE5136 /* MatrixTransform.m in Sources */ = {isa = PBXBuildFile; fileRef = ABF4560A275F4AEA00AE5136 /* MatrixTransform.m */; };
		ABF45611275F4AEA00AE5136 /* fragment.glsl in Resources */ = {isa = PBXBuildFile; fileRef = ABF4560D275F4AEA00AE5136 /* fragment.glsl */; };
		ABF45612275F4AEA00AE5136 /* vertex.glsl in Resources */ = {isa = PBXBuildFile; fileRef = ABF4560E275F4AEA00AE5136 /* vertex.glsl */; };
/* End PBXBuildFile section */

/* Begin PBXFileReference section */
		ABF455ED275F4AA700AE5136 /* Cube-镜面光照(specular).app */ = {isa = PBXFileReference; explicitFileType = wrapper.application; includeInIndex = 0; path = "Cube-镜面光照(specular).app"; sourceTree = BUILT_PRODUCTS_DIR; };
		ABF455F0275F4AA700AE5136 /* AppDelegate.h */ = {isa = PBXFileReference; lastKnownFileType = sourcecode.c.h; path = AppDelegate.h; sourceTree = "<group>"; };
		ABF455F1275F4AA700AE5136 /* AppDelegate.m */ = {isa = PBXFileReference; lastKnownFileType = sourcecode.c.objc; path = AppDelegate.m; sourceTree = "<group>"; };
		ABF455F3275F4AA700AE5136 /* SceneDelegate.h */ = {isa = PBXFileReference; lastKnownFileType = sourcecode.c.h; path = SceneDelegate.h; sourceTree = "<group>"; };
		ABF455F4275F4AA700AE5136 /* SceneDelegate.m */ = {isa = PBXFileReference; lastKnownFileType = sourcecode.c.objc; path = SceneDelegate.m; sourceTree = "<group>"; };
		ABF455FA275F4AA700AE5136 /* Base */ = {isa = PBXFileReference; lastKnownFileType = file.storyboard; name = Base; path = Base.lproj/Main.storyboard; sourceTree = "<group>"; };
		ABF455FC275F4AA800AE5136 /* Assets.xcassets */ = {isa = PBXFileReference; lastKnownFileType = folder.assetcatalog; path = Assets.xcassets; sourceTree = "<group>"; };
		ABF455FF275F4AA800AE5136 /* Base */ = {isa = PBXFileReference; lastKnownFileType = file.storyboard; name = Base; path = Base.lproj/LaunchScreen.storyboard; sourceTree = "<group>"; };
		ABF45601275F4AA800AE5136 /* Info.plist */ = {isa = PBXFileReference; lastKnownFileType = text.plist.xml; path = Info.plist; sourceTree = "<group>"; };
		ABF45602275F4AA800AE5136 /* main.m */ = {isa = PBXFileReference; lastKnownFileType = sourcecode.c.objc; path = main.m; sourceTree = "<group>"; };
		ABF45609275F4AEA00AE5136 /* ViewController.m */ = {isa = PBXFileReference; fileEncoding = 4; lastKnownFileType = sourcecode.c.objc; path = ViewController.m; sourceTree = "<group>"; };
		ABF4560A275F4AEA00AE5136 /* MatrixTransform.m */ = {isa = PBXFileReference; fileEncoding = 4; lastKnownFileType = sourcecode.c.objc; path = MatrixTransform.m; sourceTree = "<group>"; };
		ABF4560B275F4AEA00AE5136 /* MatrixTransform.h */ = {isa = PBXFileReference; fileEncoding = 4; lastKnownFileType = sourcecode.c.h; path = MatrixTransform.h; sourceTree = "<group>"; };
		ABF4560C275F4AEA00AE5136 /* ViewController.h */ = {isa = PBXFileReference; fileEncoding = 4; lastKnownFileType = sourcecode.c.h; path = ViewController.h; sourceTree = "<group>"; };
		ABF4560D275F4AEA00AE5136 /* fragment.glsl */ = {isa = PBXFileReference; fileEncoding = 4; lastKnownFileType = text; path = fragment.glsl; sourceTree = "<group>"; };
		ABF4560E275F4AEA00AE5136 /* vertex.glsl */ = {isa = PBXFileReference; fileEncoding = 4; lastKnownFileType = text; path = vertex.glsl; sourceTree = "<group>"; };
/* End PBXFileReference section */

/* Begin PBXFrameworksBuildPhase section */
		ABF455EA275F4AA700AE5136 /* Frameworks */ = {
			isa = PBXFrameworksBuildPhase;
			buildActionMask = 2147483647;
			files = (
			);
			runOnlyForDeploymentPostprocessing = 0;
		};
/* End PBXFrameworksBuildPhase section */

/* Begin PBXGroup section */
		ABF455E4275F4AA700AE5136 = {
			isa = PBXGroup;
			children = (
				ABF455EF275F4AA700AE5136 /* Cube-镜面光照(specular) */,
				ABF455EE275F4AA700AE5136 /* Products */,
			);
			sourceTree = "<group>";
		};
		ABF455EE275F4AA700AE5136 /* Products */ = {
			isa = PBXGroup;
			children = (
				ABF455ED275F4AA700AE5136 /* Cube-镜面光照(specular).app */,
			);
			name = Products;
			sourceTree = "<group>";
		};
		ABF455EF275F4AA700AE5136 /* Cube-镜面光照(specular) */ = {
			isa = PBXGroup;
			children = (
				ABF455F0275F4AA700AE5136 /* AppDelegate.h */,
				ABF455F1275F4AA700AE5136 /* AppDelegate.m */,
				ABF455F3275F4AA700AE5136 /* SceneDelegate.h */,
				ABF455F4275F4AA700AE5136 /* SceneDelegate.m */,
				ABF4560B275F4AEA00AE5136 /* MatrixTransform.h */,
				ABF4560A275F4AEA00AE5136 /* MatrixTransform.m */,
				ABF4560E275F4AEA00AE5136 /* vertex.glsl */,
				ABF4560D275F4AEA00AE5136 /* fragment.glsl */,
				ABF4560C275F4AEA00AE5136 /* ViewController.h */,
				ABF45609275F4AEA00AE5136 /* ViewController.m */,
				ABF455F9275F4AA700AE5136 /* Main.storyboard */,
				ABF455FC275F4AA800AE5136 /* Assets.xcassets */,
				ABF455FE275F4AA800AE5136 /* LaunchScreen.storyboard */,
				ABF45601275F4AA800AE5136 /* Info.plist */,
				ABF45602275F4AA800AE5136 /* main.m */,
			);
			path = "Cube-镜面光照(specular)";
			sourceTree = "<group>";
		};
/* End PBXGroup section */

/* Begin PBXNativeTarget section */
		ABF455EC275F4AA700AE5136 /* Cube-镜面光照(specular) */ = {
			isa = PBXNativeTarget;
			buildConfigurationList = ABF45606275F4AA800AE5136 /* Build configuration list for PBXNativeTarget "Cube-镜面光照(specular)" */;
			buildPhases = (
				ABF455E9275F4AA700AE5136 /* Sources */,
				ABF455EA275F4AA700AE5136 /* Frameworks */,
				ABF455EB275F4AA700AE5136 /* Resources */,
			);
			buildRules = (
			);
			dependencies = (
			);
			name = "Cube-镜面光照(specular)";
			productName = "Cube-镜面光照(specular)";
			productReference = ABF455ED275F4AA700AE5136 /* Cube-镜面光照(specular).app */;
			productType = "com.apple.product-type.application";
		};
/* End PBXNativeTarget section */

/* Begin PBXProject section */
		ABF455E5275F4AA700AE5136 /* Project object */ = {
			isa = PBXProject;
			attributes = {
				BuildIndependentTargetsInParallel = 1;
				LastUpgradeCheck = 1300;
				TargetAttributes = {
					ABF455EC275F4AA700AE5136 = {
						CreatedOnToolsVersion = 13.0;
					};
				};
			};
			buildConfigurationList = ABF455E8275F4AA700AE5136 /* Build configuration list for PBXProject "Cube-镜面光照(specular)" */;
			compatibilityVersion = "Xcode 13.0";
			developmentRegion = en;
			hasScannedForEncodings = 0;
			knownRegions = (
				en,
				Base,
			);
			mainGroup = ABF455E4275F4AA700AE5136;
			productRefGroup = ABF455EE275F4AA700AE5136 /* Products */;
			projectDirPath = "";
			projectRoot = "";
			targets = (
				ABF455EC275F4AA700AE5136 /* Cube-镜面光照(specular) */,
			);
		};
/* End PBXProject section */

/* Begin PBXResourcesBuildPhase section */
		ABF455EB275F4AA700AE5136 /* Resources */ = {
			isa = PBXResourcesBuildPhase;
			buildActionMask = 2147483647;
			files = (
				ABF45600275F4AA800AE5136 /* LaunchScreen.storyboard in Resources */,
				ABF45611275F4AEA00AE5136 /* fragment.glsl in Resources */,
				ABF455FD275F4AA800AE5136 /* Assets.xcassets in Resources */,
				ABF455FB275F4AA700AE5136 /* Main.storyboard in Resources */,
				ABF45612275F4AEA00AE5136 /* vertex.glsl in Resources */,
			);
			runOnlyForDeploymentPostprocessing = 0;
		};
/* End PBXResourcesBuildPhase section */

/* Begin PBXSourcesBuildPhase section */
		ABF455E9275F4AA700AE5136 /* Sources */ = {
			isa = PBXSourcesBuildPhase;
			buildActionMask = 2147483647;
			files = (
				ABF455F2275F4AA700AE5136 /* AppDelegate.m in Sources */,
				ABF45603275F4AA800AE5136 /* main.m in Sources */,
				ABF4560F275F4AEA00AE5136 /* ViewController.m in Sources */,
				ABF455F5275F4AA700AE5136 /* SceneDelegate.m in Sources */,
				ABF45610275F4AEA00AE5136 /* MatrixTransform.m in Sources */,
			);
			runOnlyForDeploymentPostprocessing = 0;
		};
/* End PBXSourcesBuildPhase section */

/* Begin PBXVariantGroup section */
		ABF455F9275F4AA700AE5136 /* Main.storyboard */ = {
			isa = PBXVariantGroup;
			children = (
				ABF455FA275F4AA700AE5136 /* Base */,
			);
			name = Main.storyboard;
			sourceTree = "<group>";
		};
		ABF455FE275F4AA800AE5136 /* LaunchScreen.storyboard */ = {
			isa = PBXVariantGroup;
			children = (
				ABF455FF275F4AA800AE5136 /* Base */,
			);
			name = LaunchScreen.storyboard;
			sourceTree = "<group>";
		};
/* End PBXVariantGroup section */

/* Begin XCBuildConfiguration section */
		ABF45604275F4AA800AE5136 /* Debug */ = {
			isa = XCBuildConfiguration;
			buildSettings = {
				ALWAYS_SEARCH_USER_PATHS = NO;
				CLANG_ANALYZER_NONNULL = YES;
				CLANG_ANALYZER_NUMBER_OBJECT_CONVERSION = YES_AGGRESSIVE;
				CLANG_CXX_LANGUAGE_STANDARD = "gnu++17";
				CLANG_CXX_LIBRARY = "libc++";
				CLANG_ENABLE_MODULES = YES;
				CLANG_ENABLE_OBJC_ARC = YES;
				CLANG_ENABLE_OBJC_WEAK = YES;
				CLANG_WARN_BLOCK_CAPTURE_AUTORELEASING = YES;
				CLANG_WARN_BOOL_CONVERSION = YES;
				CLANG_WARN_COMMA = YES;
				CLANG_WARN_CONSTANT_CONVERSION = YES;
				CLANG_WARN_DEPRECATED_OBJC_IMPLEMENTATIONS = YES;
				CLANG_WARN_DIRECT_OBJC_ISA_USAGE = YES_ERROR;
				CLANG_WARN_DOCUMENTATION_COMMENTS = YES;
				CLANG_WARN_EMPTY_BODY = YES;
				CLANG_WARN_ENUM_CONVERSION = YES;
				CLANG_WARN_INFINITE_RECURSION = YES;
				CLANG_WARN_INT_CONVERSION = YES;
				CLANG_WARN_NON_LITERAL_NULL_CONVERSION = YES;
				CLANG_WARN_OBJC_IMPLICIT_RETAIN_SELF = YES;
				CLANG_WARN_OBJC_LITERAL_CONVERSION = YES;
				CLANG_WARN_OBJC_ROOT_CLASS = YES_ERROR;
				CLANG_WARN_QUOTED_INCLUDE_IN_FRAMEWORK_HEADER = YES;
				CLANG_WARN_RANGE_LOOP_ANALYSIS = YES;
				CLANG_WARN_STRICT_PROTOTYPES = YES;
				CLANG_WARN_SUSPICIOUS_MOVE = YES;
				CLANG_WARN_UNGUARDED_AVAILABILITY = YES_AGGRESSIVE;
				CLANG_WARN_UNREACHABLE_CODE = YES;
				CLANG_WARN__DUPLICATE_METHOD_MATCH = YES;
				COPY_PHASE_STRIP = NO;
				DEBUG_INFORMATION_FORMAT = dwarf;
				ENABLE_STRICT_OBJC_MSGSEND = YES;
				ENABLE_TESTABILITY = YES;
				GCC_C_LANGUAGE_STANDARD = gnu11;
				GCC_DYNAMIC_NO_PIC = NO;
				GCC_NO_COMMON_BLOCKS = YES;
				GCC_OPTIMIZATION_LEVEL = 0;
				GCC_PREPROCESSOR_DEFINITIONS = (
					"DEBUG=1",
					"$(inherited)",
				);
				GCC_WARN_64_TO_32_BIT_CONVERSION = YES;
				GCC_WARN_ABOUT_RETURN_TYPE = YES_ERROR;
				GCC_WARN_UNDECLARED_SELECTOR = YES;
				GCC_WARN_UNINITIALIZED_AUTOS = YES_AGGRESSIVE;
				GCC_WARN_UNUSED_FUNCTION = YES;
				GCC_WARN_UNUSED_VARIABLE = YES;
				IPHONEOS_DEPLOYMENT_TARGET = 15.0;
				MTL_ENABLE_DEBUG_INFO = INCLUDE_SOURCE;
				MTL_FAST_MATH = YES;
				ONLY_ACTIVE_ARCH = YES;
				SDKROOT = iphoneos;
			};
			name = Debug;
		};
		ABF45605275F4AA800AE5136 /* Release */ = {
			isa = XCBuildConfiguration;
			buildSettings = {
				ALWAYS_SEARCH_USER_PATHS = NO;
				CLANG_ANALYZER_NONNULL = YES;
				CLANG_ANALYZER_NUMBER_OBJECT_CONVERSION = YES_AGGRESSIVE;
				CLANG_CXX_LANGUAGE_STANDARD = "gnu++17";
				CLANG_CXX_LIBRARY = "libc++";
				CLANG_ENABLE_MODULES = YES;
				CLANG_ENABLE_OBJC_ARC = YES;
				CLANG_ENABLE_OBJC_WEAK = YES;
				CLANG_WARN_BLOCK_CAPTURE_AUTORELEASING = YES;
				CLANG_WARN_BOOL_CONVERSION = YES;
				CLANG_WARN_COMMA = YES;
				CLANG_WARN_CONSTANT_CONVERSION = YES;
				CLANG_WARN_DEPRECATED_OBJC_IMPLEMENTATIONS = YES;
				CLANG_WARN_DIRECT_OBJC_ISA_USAGE = YES_ERROR;
				CLANG_WARN_DOCUMENTATION_COMMENTS = YES;
				CLANG_WARN_EMPTY_BODY = YES;
				CLANG_WARN_ENUM_CONVERSION = YES;
				CLANG_WARN_INFINITE_RECURSION = YES;
				CLANG_WARN_INT_CONVERSION = YES;
				CLANG_WARN_NON_LITERAL_NULL_CONVERSION = YES;
				CLANG_WARN_OBJC_IMPLICIT_RETAIN_SELF = YES;
				CLANG_WARN_OBJC_LITERAL_CONVERSION = YES;
				CLANG_WARN_OBJC_ROOT_CLASS = YES_ERROR;
				CLANG_WARN_QUOTED_INCLUDE_IN_FRAMEWORK_HEADER = YES;
				CLANG_WARN_RANGE_LOOP_ANALYSIS = YES;
				CLANG_WARN_STRICT_PROTOTYPES = YES;
				CLANG_WARN_SUSPICIOUS_MOVE = YES;
				CLANG_WARN_UNGUARDED_AVAILABILITY = YES_AGGRESSIVE;
				CLANG_WARN_UNREACHABLE_CODE = YES;
				CLANG_WARN__DUPLICATE_METHOD_MATCH = YES;
				COPY_PHASE_STRIP = NO;
				DEBUG_INFORMATION_FORMAT = "dwarf-with-dsym";
				ENABLE_NS_ASSERTIONS = NO;
				ENABLE_STRICT_OBJC_MSGSEND = YES;
				GCC_C_LANGUAGE_STANDARD = gnu11;
				GCC_NO_COMMON_BLOCKS = YES;
				GCC_WARN_64_TO_32_BIT_CONVERSION = YES;
				GCC_WARN_ABOUT_RETURN_TYPE = YES_ERROR;
				GCC_WARN_UNDECLARED_SELECTOR = YES;
				GCC_WARN_UNINITIALIZED_AUTOS = YES_AGGRESSIVE;
				GCC_WARN_UNUSED_FUNCTION = YES;
				GCC_WARN_UNUSED_VARIABLE = YES;
				IPHONEOS_DEPLOYMENT_TARGET = 15.0;
				MTL_ENABLE_DEBUG_INFO = NO;
				MTL_FAST_MATH = YES;
				SDKROOT = iphoneos;
				VALIDATE_PRODUCT = YES;
			};
			name = Release;
		};
		ABF45607275F4AA800AE5136 /* Debug */ = {
			isa = XCBuildConfiguration;
			buildSettings = {
				ASSETCATALOG_COMPILER_APPICON_NAME = AppIcon;
				ASSETCATALOG_COMPILER_GLOBAL_ACCENT_COLOR_NAME = AccentColor;
				CODE_SIGN_STYLE = Automatic;
				CURRENT_PROJECT_VERSION = 1;
				DEVELOPMENT_TEAM = 563M4H9P36;
				GCC_PREPROCESSOR_DEFINITIONS = "GLES_SILENCE_DEPRECATION=1";
				GENERATE_INFOPLIST_FILE = YES;
				INFOPLIST_FILE = "Cube-镜面光照(specular)/Info.plist";
				INFOPLIST_KEY_UIApplicationSupportsIndirectInputEvents = YES;
				INFOPLIST_KEY_UILaunchStoryboardName = LaunchScreen;
				INFOPLIST_KEY_UIMainStoryboardFile = Main;
				INFOPLIST_KEY_UISupportedInterfaceOrientations_iPad = "UIInterfaceOrientationPortrait UIInterfaceOrientationPortraitUpsideDown UIInterfaceOrientationLandscapeLeft UIInterfaceOrientationLandscapeRight";
				INFOPLIST_KEY_UISupportedInterfaceOrientations_iPhone = "UIInterfaceOrientationPortrait UIInterfaceOrientationLandscapeLeft UIInterfaceOrientationLandscapeRight";
				LD_RUNPATH_SEARCH_PATHS = (
					"$(inherited)",
					"@executable_path/Frameworks",
				);
				MARKETING_VERSION = 1.0;
				PRODUCT_BUNDLE_IDENTIFIER = "ss.Cube------specular-";
				PRODUCT_NAME = "$(TARGET_NAME)";
				SWIFT_EMIT_LOC_STRINGS = YES;
				TARGETED_DEVICE_FAMILY = "1,2";
			};
			name = Debug;
		};
		ABF45608275F4AA800AE5136 /* Release */ = {
			isa = XCBuildConfiguration;
			buildSettings = {
				ASSETCATALOG_COMPILER_APPICON_NAME = AppIcon;
				ASSETCATALOG_COMPILER_GLOBAL_ACCENT_COLOR_NAME = AccentColor;
				CODE_SIGN_STYLE = Automatic;
				CURRENT_PROJECT_VERSION = 1;
				DEVELOPMENT_TEAM = 563M4H9P36;
				GCC_PREPROCESSOR_DEFINITIONS = "GLES_SILENCE_DEPRECATION=1";
				GENERATE_INFOPLIST_FILE = YES;
				INFOPLIST_FILE = "Cube-镜面光照(specular)/Info.plist";
				INFOPLIST_KEY_UIApplicationSupportsIndirectInputEvents = YES;
				INFOPLIST_KEY_UILaunchStoryboardName = LaunchScreen;
				INFOPLIST_KEY_UIMainStoryboardFile = Main;
				INFOPLIST_KEY_UISupportedInterfaceOrientations_iPad = "UIInterfaceOrientationPortrait UIInterfaceOrientationPortraitUpsideDown UIInterfaceOrientationLandscapeLeft UIInterfaceOrientationLandscapeRight";
				INFOPLIST_KEY_UISupportedInterfaceOrientations_iPhone = "UIInterfaceOrientationPortrait UIInterfaceOrientationLandscapeLeft UIInterfaceOrientationLandscapeRight";
				LD_RUNPATH_SEARCH_PATHS = (
					"$(inherited)",
					"@executable_path/Frameworks",
				);
				MARKETING_VERSION = 1.0;
				PRODUCT_BUNDLE_IDENTIFIER = "ss.Cube------specular-";
				PRODUCT_NAME = "$(TARGET_NAME)";
				SWIFT_EMIT_LOC_STRINGS = YES;
				TARGETED_DEVICE_FAMILY = "1,2";
			};
			name = Release;
		};
/* End XCBuildConfiguration section */

/* Begin XCConfigurationList section */
		ABF455E8275F4AA700AE5136 /* Build configuration list for PBXProject "Cube-镜面光照(specular)" */ = {
			isa = XCConfigurationList;
			buildConfigurations = (
				ABF45604275F4AA800AE5136 /* Debug */,
				ABF45605275F4AA800AE5136 /* Release */,
			);
			defaultConfigurationIsVisible = 0;
			defaultConfigurationName = Release;
		};
		ABF45606275F4AA800AE5136 /* Build configuration list for PBXNativeTarget "Cube-镜面光照(specular)" */ = {
			isa = XCConfigurationList;
			buildConfigurations = (
				ABF45607275F4AA800AE5136 /* Debug */,
				ABF45608275F4AA800AE5136 /* Release */,
			);
			defaultConfigurationIsVisible = 0;
			defaultConfigurationName = Release;
		};
/* End XCConfigurationList section */
	};
	rootObject = ABF455E5275F4AA700AE5136 /* Project object */;
}
