// !$*UTF8*$!
{
	archiveVersion = 1;
	classes = {
	};
	objectVersion = 55;
	objects = {

/* Begin PBXBuildFile section */
		ABD9327B275E0B0A00F97FE1 /* AppDelegate.m in Sources */ = {isa = PBXBuildFile; fileRef = ABD9327A275E0B0A00F97FE1 /* AppDelegate.m */; };
		ABD9327E275E0B0A00F97FE1 /* SceneDelegate.m in Sources */ = {isa = PBXBuildFile; fileRef = ABD9327D275E0B0A00F97FE1 /* SceneDelegate.m */; };
		ABD93284275E0B0A00F97FE1 /* Main.storyboard in Resources */ = {isa = PBXBuildFile; fileRef = ABD93282275E0B0A00F97FE1 /* Main.storyboard */; };
		ABD93286275E0B0D00F97FE1 /* Assets.xcassets in Resources */ = {isa = PBXBuildFile; fileRef = ABD93285275E0B0D00F97FE1 /* Assets.xcassets */; };
		ABD93289275E0B0D00F97FE1 /* LaunchScreen.storyboard in Resources */ = {isa = PBXBuildFile; fileRef = ABD93287275E0B0D00F97FE1 /* LaunchScreen.storyboard */; };
		ABD9328C275E0B0D00F97FE1 /* main.m in Sources */ = {isa = PBXBuildFile; fileRef = ABD9328B275E0B0D00F97FE1 /* main.m */; };
		ABD932A2275E0BE200F97FE1 /* vertexShader.glsl in Resources */ = {isa = PBXBuildFile; fileRef = ABD9329C275E0BE200F97FE1 /* vertexShader.glsl */; };
		ABD932A3275E0BE200F97FE1 /* MatrixTransform.m in Sources */ = {isa = PBXBuildFile; fileRef = ABD9329D275E0BE200F97FE1 /* MatrixTransform.m */; };
		ABD932A4275E0BE200F97FE1 /* ViewController.m in Sources */ = {isa = PBXBuildFile; fileRef = ABD932A0275E0BE200F97FE1 /* ViewController.m */; };
		ABD932A5275E0BE200F97FE1 /* fragmentShader.glsl in Resources */ = {isa = PBXBuildFile; fileRef = ABD932A1275E0BE200F97FE1 /* fragmentShader.glsl */; };
/* End PBXBuildFile section */

/* Begin PBXFileReference section */
		ABD93276275E0B0A00F97FE1 /* Cube-Ambient.app */ = {isa = PBXFileReference; explicitFileType = wrapper.application; includeInIndex = 0; path = "Cube-Ambient.app"; sourceTree = BUILT_PRODUCTS_DIR; };
		ABD93279275E0B0A00F97FE1 /* AppDelegate.h */ = {isa = PBXFileReference; lastKnownFileType = sourcecode.c.h; path = AppDelegate.h; sourceTree = "<group>"; };
		ABD9327A275E0B0A00F97FE1 /* AppDelegate.m */ = {isa = PBXFileReference; lastKnownFileType = sourcecode.c.objc; path = AppDelegate.m; sourceTree = "<group>"; };
		ABD9327C275E0B0A00F97FE1 /* SceneDelegate.h */ = {isa = PBXFileReference; lastKnownFileType = sourcecode.c.h; path = SceneDelegate.h; sourceTree = "<group>"; };
		ABD9327D275E0B0A00F97FE1 /* SceneDelegate.m */ = {isa = PBXFileReference; lastKnownFileType = sourcecode.c.objc; path = SceneDelegate.m; sourceTree = "<group>"; };
		ABD93283275E0B0A00F97FE1 /* Base */ = {isa = PBXFileReference; lastKnownFileType = file.storyboard; name = Base; path = Base.lproj/Main.storyboard; sourceTree = "<group>"; };
		ABD93285275E0B0D00F97FE1 /* Assets.xcassets */ = {isa = PBXFileReference; lastKnownFileType = folder.assetcatalog; path = Assets.xcassets; sourceTree = "<group>"; };
		ABD93288275E0B0D00F97FE1 /* Base */ = {isa = PBXFileReference; lastKnownFileType = file.storyboard; name = Base; path = Base.lproj/LaunchScreen.storyboard; sourceTree = "<group>"; };
		ABD9328A275E0B0D00F97FE1 /* Info.plist */ = {isa = PBXFileReference; lastKnownFileType = text.plist.xml; path = Info.plist; sourceTree = "<group>"; };
		ABD9328B275E0B0D00F97FE1 /* main.m */ = {isa = PBXFileReference; lastKnownFileType = sourcecode.c.objc; path = main.m; sourceTree = "<group>"; };
		ABD9329C275E0BE200F97FE1 /* vertexShader.glsl */ = {isa = PBXFileReference; fileEncoding = 4; lastKnownFileType = text; path = vertexShader.glsl; sourceTree = "<group>"; };
		ABD9329D275E0BE200F97FE1 /* MatrixTransform.m */ = {isa = PBXFileReference; fileEncoding = 4; lastKnownFileType = sourcecode.c.objc; path = MatrixTransform.m; sourceTree = "<group>"; };
		ABD9329E275E0BE200F97FE1 /* ViewController.h */ = {isa = PBXFileReference; fileEncoding = 4; lastKnownFileType = sourcecode.c.h; path = ViewController.h; sourceTree = "<group>"; };
		ABD9329F275E0BE200F97FE1 /* MatrixTransform.h */ = {isa = PBXFileReference; fileEncoding = 4; lastKnownFileType = sourcecode.c.h; path = MatrixTransform.h; sourceTree = "<group>"; };
		ABD932A0275E0BE200F97FE1 /* ViewController.m */ = {isa = PBXFileReference; fileEncoding = 4; lastKnownFileType = sourcecode.c.objc; path = ViewController.m; sourceTree = "<group>"; };
		ABD932A1275E0BE200F97FE1 /* fragmentShader.glsl */ = {isa = PBXFileReference; fileEncoding = 4; lastKnownFileType = text; path = fragmentShader.glsl; sourceTree = "<group>"; };
/* End PBXFileReference section */

/* Begin PBXFrameworksBuildPhase section */
		ABD93273275E0B0A00F97FE1 /* Frameworks */ = {
			isa = PBXFrameworksBuildPhase;
			buildActionMask = 2147483647;
			files = (
			);
			runOnlyForDeploymentPostprocessing = 0;
		};
/* End PBXFrameworksBuildPhase section */

/* Begin PBXGroup section */
		ABD9326D275E0B0A00F97FE1 = {
			isa = PBXGroup;
			children = (
				ABD93278275E0B0A00F97FE1 /* Cube-Ambient */,
				ABD93277275E0B0A00F97FE1 /* Products */,
			);
			sourceTree = "<group>";
		};
		ABD93277275E0B0A00F97FE1 /* Products */ = {
			isa = PBXGroup;
			children = (
				ABD93276275E0B0A00F97FE1 /* Cube-Ambient.app */,
			);
			name = Products;
			sourceTree = "<group>";
		};
		ABD93278275E0B0A00F97FE1 /* Cube-Ambient */ = {
			isa = PBXGroup;
			children = (
				ABD93279275E0B0A00F97FE1 /* AppDelegate.h */,
				ABD9327A275E0B0A00F97FE1 /* AppDelegate.m */,
				ABD9327C275E0B0A00F97FE1 /* SceneDelegate.h */,
				ABD9327D275E0B0A00F97FE1 /* SceneDelegate.m */,
				ABD93282275E0B0A00F97FE1 /* Main.storyboard */,
				ABD932A1275E0BE200F97FE1 /* fragmentShader.glsl */,
				ABD9329C275E0BE200F97FE1 /* vertexShader.glsl */,
				ABD9329F275E0BE200F97FE1 /* MatrixTransform.h */,
				ABD9329D275E0BE200F97FE1 /* MatrixTransform.m */,
				ABD9329E275E0BE200F97FE1 /* ViewController.h */,
				ABD932A0275E0BE200F97FE1 /* ViewController.m */,
				ABD93285275E0B0D00F97FE1 /* Assets.xcassets */,
				ABD93287275E0B0D00F97FE1 /* LaunchScreen.storyboard */,
				ABD9328A275E0B0D00F97FE1 /* Info.plist */,
				ABD9328B275E0B0D00F97FE1 /* main.m */,
			);
			path = "Cube-Ambient";
			sourceTree = "<group>";
		};
/* End PBXGroup section */

/* Begin PBXNativeTarget section */
		ABD93275275E0B0A00F97FE1 /* Cube-Ambient */ = {
			isa = PBXNativeTarget;
			buildConfigurationList = ABD9328F275E0B0D00F97FE1 /* Build configuration list for PBXNativeTarget "Cube-Ambient" */;
			buildPhases = (
				ABD93272275E0B0A00F97FE1 /* Sources */,
				ABD93273275E0B0A00F97FE1 /* Frameworks */,
				ABD93274275E0B0A00F97FE1 /* Resources */,
			);
			buildRules = (
			);
			dependencies = (
			);
			name = "Cube-Ambient";
			productName = "Cube-Ambient";
			productReference = ABD93276275E0B0A00F97FE1 /* Cube-Ambient.app */;
			productType = "com.apple.product-type.application";
		};
/* End PBXNativeTarget section */

/* Begin PBXProject section */
		ABD9326E275E0B0A00F97FE1 /* Project object */ = {
			isa = PBXProject;
			attributes = {
				BuildIndependentTargetsInParallel = 1;
				LastUpgradeCheck = 1300;
				TargetAttributes = {
					ABD93275275E0B0A00F97FE1 = {
						CreatedOnToolsVersion = 13.0;
					};
				};
			};
			buildConfigurationList = ABD93271275E0B0A00F97FE1 /* Build configuration list for PBXProject "Cube-Ambient" */;
			compatibilityVersion = "Xcode 13.0";
			developmentRegion = en;
			hasScannedForEncodings = 0;
			knownRegions = (
				en,
				Base,
			);
			mainGroup = ABD9326D275E0B0A00F97FE1;
			productRefGroup = ABD93277275E0B0A00F97FE1 /* Products */;
			projectDirPath = "";
			projectRoot = "";
			targets = (
				ABD93275275E0B0A00F97FE1 /* Cube-Ambient */,
			);
		};
/* End PBXProject section */

/* Begin PBXResourcesBuildPhase section */
		ABD93274275E0B0A00F97FE1 /* Resources */ = {
			isa = PBXResourcesBuildPhase;
			buildActionMask = 2147483647;
			files = (
				ABD932A5275E0BE200F97FE1 /* fragmentShader.glsl in Resources */,
				ABD93289275E0B0D00F97FE1 /* LaunchScreen.storyboard in Resources */,
				ABD93286275E0B0D00F97FE1 /* Assets.xcassets in Resources */,
				ABD932A2275E0BE200F97FE1 /* vertexShader.glsl in Resources */,
				ABD93284275E0B0A00F97FE1 /* Main.storyboard in Resources */,
			);
			runOnlyForDeploymentPostprocessing = 0;
		};
/* End PBXResourcesBuildPhase section */

/* Begin PBXSourcesBuildPhase section */
		ABD93272275E0B0A00F97FE1 /* Sources */ = {
			isa = PBXSourcesBuildPhase;
			buildActionMask = 2147483647;
			files = (
				ABD9327B275E0B0A00F97FE1 /* AppDelegate.m in Sources */,
				ABD932A3275E0BE200F97FE1 /* MatrixTransform.m in Sources */,
				ABD9328C275E0B0D00F97FE1 /* main.m in Sources */,
				ABD9327E275E0B0A00F97FE1 /* SceneDelegate.m in Sources */,
				ABD932A4275E0BE200F97FE1 /* ViewController.m in Sources */,
			);
			runOnlyForDeploymentPostprocessing = 0;
		};
/* End PBXSourcesBuildPhase section */

/* Begin PBXVariantGroup section */
		ABD93282275E0B0A00F97FE1 /* Main.storyboard */ = {
			isa = PBXVariantGroup;
			children = (
				ABD93283275E0B0A00F97FE1 /* Base */,
			);
			name = Main.storyboard;
			sourceTree = "<group>";
		};
		ABD93287275E0B0D00F97FE1 /* LaunchScreen.storyboard */ = {
			isa = PBXVariantGroup;
			children = (
				ABD93288275E0B0D00F97FE1 /* Base */,
			);
			name = LaunchScreen.storyboard;
			sourceTree = "<group>";
		};
/* End PBXVariantGroup section */

/* Begin XCBuildConfiguration section */
		ABD9328D275E0B0D00F97FE1 /* Debug */ = {
			isa = XCBuildConfiguration;
			buildSettings = {
				ALWAYS_SEARCH_USER_PATHS = NO;
				CLANG_ANALYZER_NONNULL = YES;
				CLANG_ANALYZER_NUMBER_OBJECT_CONVERSION = YES_AGGRESSIVE;
				CLANG_CXX_LANGUAGE_STANDARD = "gnu++17";
				CLANG_CXX_LIBRARY = "libc++";
				CLANG_ENABLE_MODULES = YES;
				CLANG_ENABLE_OBJC_ARC = YES;
				CLANG_ENABLE_OBJC_WEAK = YES;
				CLANG_WARN_BLOCK_CAPTURE_AUTORELEASING = YES;
				CLANG_WARN_BOOL_CONVERSION = YES;
				CLANG_WARN_COMMA = YES;
				CLANG_WARN_CONSTANT_CONVERSION = YES;
				CLANG_WARN_DEPRECATED_OBJC_IMPLEMENTATIONS = YES;
				CLANG_WARN_DIRECT_OBJC_ISA_USAGE = YES_ERROR;
				CLANG_WARN_DOCUMENTATION_COMMENTS = YES;
				CLANG_WARN_EMPTY_BODY = YES;
				CLANG_WARN_ENUM_CONVERSION = YES;
				CLANG_WARN_INFINITE_RECURSION = YES;
				CLANG_WARN_INT_CONVERSION = YES;
				CLANG_WARN_NON_LITERAL_NULL_CONVERSION = YES;
				CLANG_WARN_OBJC_IMPLICIT_RETAIN_SELF = YES;
				CLANG_WARN_OBJC_LITERAL_CONVERSION = YES;
				CLANG_WARN_OBJC_ROOT_CLASS = YES_ERROR;
				CLANG_WARN_QUOTED_INCLUDE_IN_FRAMEWORK_HEADER = YES;
				CLANG_WARN_RANGE_LOOP_ANALYSIS = YES;
				CLANG_WARN_STRICT_PROTOTYPES = YES;
				CLANG_WARN_SUSPICIOUS_MOVE = YES;
				CLANG_WARN_UNGUARDED_AVAILABILITY = YES_AGGRESSIVE;
				CLANG_WARN_UNREACHABLE_CODE = YES;
				CLANG_WARN__DUPLICATE_METHOD_MATCH = YES;
				COPY_PHASE_STRIP = NO;
				DEBUG_INFORMATION_FORMAT = dwarf;
				ENABLE_STRICT_OBJC_MSGSEND = YES;
				ENABLE_TESTABILITY = YES;
				GCC_C_LANGUAGE_STANDARD = gnu11;
				GCC_DYNAMIC_NO_PIC = NO;
				GCC_NO_COMMON_BLOCKS = YES;
				GCC_OPTIMIZATION_LEVEL = 0;
				GCC_PREPROCESSOR_DEFINITIONS = (
					"DEBUG=1",
					"$(inherited)",
				);
				GCC_WARN_64_TO_32_BIT_CONVERSION = YES;
				GCC_WARN_ABOUT_RETURN_TYPE = YES_ERROR;
				GCC_WARN_UNDECLARED_SELECTOR = YES;
				GCC_WARN_UNINITIALIZED_AUTOS = YES_AGGRESSIVE;
				GCC_WARN_UNUSED_FUNCTION = YES;
				GCC_WARN_UNUSED_VARIABLE = YES;
				IPHONEOS_DEPLOYMENT_TARGET = 15.0;
				MTL_ENABLE_DEBUG_INFO = INCLUDE_SOURCE;
				MTL_FAST_MATH = YES;
				ONLY_ACTIVE_ARCH = YES;
				SDKROOT = iphoneos;
			};
			name = Debug;
		};
		ABD9328E275E0B0D00F97FE1 /* Release */ = {
			isa = XCBuildConfiguration;
			buildSettings = {
				ALWAYS_SEARCH_USER_PATHS = NO;
				CLANG_ANALYZER_NONNULL = YES;
				CLANG_ANALYZER_NUMBER_OBJECT_CONVERSION = YES_AGGRESSIVE;
				CLANG_CXX_LANGUAGE_STANDARD = "gnu++17";
				CLANG_CXX_LIBRARY = "libc++";
				CLANG_ENABLE_MODULES = YES;
				CLANG_ENABLE_OBJC_ARC = YES;
				CLANG_ENABLE_OBJC_WEAK = YES;
				CLANG_WARN_BLOCK_CAPTURE_AUTORELEASING = YES;
				CLANG_WARN_BOOL_CONVERSION = YES;
				CLANG_WARN_COMMA = YES;
				CLANG_WARN_CONSTANT_CONVERSION = YES;
				CLANG_WARN_DEPRECATED_OBJC_IMPLEMENTATIONS = YES;
				CLANG_WARN_DIRECT_OBJC_ISA_USAGE = YES_ERROR;
				CLANG_WARN_DOCUMENTATION_COMMENTS = YES;
				CLANG_WARN_EMPTY_BODY = YES;
				CLANG_WARN_ENUM_CONVERSION = YES;
				CLANG_WARN_INFINITE_RECURSION = YES;
				CLANG_WARN_INT_CONVERSION = YES;
				CLANG_WARN_NON_LITERAL_NULL_CONVERSION = YES;
				CLANG_WARN_OBJC_IMPLICIT_RETAIN_SELF = YES;
				CLANG_WARN_OBJC_LITERAL_CONVERSION = YES;
				CLANG_WARN_OBJC_ROOT_CLASS = YES_ERROR;
				CLANG_WARN_QUOTED_INCLUDE_IN_FRAMEWORK_HEADER = YES;
				CLANG_WARN_RANGE_LOOP_ANALYSIS = YES;
				CLANG_WARN_STRICT_PROTOTYPES = YES;
				CLANG_WARN_SUSPICIOUS_MOVE = YES;
				CLANG_WARN_UNGUARDED_AVAILABILITY = YES_AGGRESSIVE;
				CLANG_WARN_UNREACHABLE_CODE = YES;
				CLANG_WARN__DUPLICATE_METHOD_MATCH = YES;
				COPY_PHASE_STRIP = NO;
				DEBUG_INFORMATION_FORMAT = "dwarf-with-dsym";
				ENABLE_NS_ASSERTIONS = NO;
				ENABLE_STRICT_OBJC_MSGSEND = YES;
				GCC_C_LANGUAGE_STANDARD = gnu11;
				GCC_NO_COMMON_BLOCKS = YES;
				GCC_WARN_64_TO_32_BIT_CONVERSION = YES;
				GCC_WARN_ABOUT_RETURN_TYPE = YES_ERROR;
				GCC_WARN_UNDECLARED_SELECTOR = YES;
				GCC_WARN_UNINITIALIZED_AUTOS = YES_AGGRESSIVE;
				GCC_WARN_UNUSED_FUNCTION = YES;
				GCC_WARN_UNUSED_VARIABLE = YES;
				IPHONEOS_DEPLOYMENT_TARGET = 15.0;
				MTL_ENABLE_DEBUG_INFO = NO;
				MTL_FAST_MATH = YES;
				SDKROOT = iphoneos;
				VALIDATE_PRODUCT = YES;
			};
			name = Release;
		};
		ABD93290275E0B0D00F97FE1 /* Debug */ = {
			isa = XCBuildConfiguration;
			buildSettings = {
				ASSETCATALOG_COMPILER_APPICON_NAME = AppIcon;
				ASSETCATALOG_COMPILER_GLOBAL_ACCENT_COLOR_NAME = AccentColor;
				CODE_SIGN_STYLE = Automatic;
				CURRENT_PROJECT_VERSION = 1;
				DEVELOPMENT_TEAM = G7R3Y58HQ5;
				GCC_PREPROCESSOR_DEFINITIONS = "GLES_SILENCE_DEPRECATION=1";
				GENERATE_INFOPLIST_FILE = YES;
				INFOPLIST_FILE = "Cube-Ambient/Info.plist";
				INFOPLIST_KEY_UIApplicationSupportsIndirectInputEvents = YES;
				INFOPLIST_KEY_UILaunchStoryboardName = LaunchScreen;
				INFOPLIST_KEY_UIMainStoryboardFile = Main;
				INFOPLIST_KEY_UISupportedInterfaceOrientations_iPad = "UIInterfaceOrientationPortrait UIInterfaceOrientationPortraitUpsideDown UIInterfaceOrientationLandscapeLeft UIInterfaceOrientationLandscapeRight";
				INFOPLIST_KEY_UISupportedInterfaceOrientations_iPhone = "UIInterfaceOrientationPortrait UIInterfaceOrientationLandscapeLeft UIInterfaceOrientationLandscapeRight";
				LD_RUNPATH_SEARCH_PATHS = (
					"$(inherited)",
					"@executable_path/Frameworks",
				);
				MARKETING_VERSION = 1.0;
				PRODUCT_BUNDLE_IDENTIFIER = "ss.Cube-Ambient";
				PRODUCT_NAME = "$(TARGET_NAME)";
				SWIFT_EMIT_LOC_STRINGS = YES;
				TARGETED_DEVICE_FAMILY = "1,2";
			};
			name = Debug;
		};
		ABD93291275E0B0D00F97FE1 /* Release */ = {
			isa = XCBuildConfiguration;
			buildSettings = {
				ASSETCATALOG_COMPILER_APPICON_NAME = AppIcon;
				ASSETCATALOG_COMPILER_GLOBAL_ACCENT_COLOR_NAME = AccentColor;
				CODE_SIGN_STYLE = Automatic;
				CURRENT_PROJECT_VERSION = 1;
				DEVELOPMENT_TEAM = G7R3Y58HQ5;
				GCC_PREPROCESSOR_DEFINITIONS = "GLES_SILENCE_DEPRECATION=1";
				GENERATE_INFOPLIST_FILE = YES;
				INFOPLIST_FILE = "Cube-Ambient/Info.plist";
				INFOPLIST_KEY_UIApplicationSupportsIndirectInputEvents = YES;
				INFOPLIST_KEY_UILaunchStoryboardName = LaunchScreen;
				INFOPLIST_KEY_UIMainStoryboardFile = Main;
				INFOPLIST_KEY_UISupportedInterfaceOrientations_iPad = "UIInterfaceOrientationPortrait UIInterfaceOrientationPortraitUpsideDown UIInterfaceOrientationLandscapeLeft UIInterfaceOrientationLandscapeRight";
				INFOPLIST_KEY_UISupportedInterfaceOrientations_iPhone = "UIInterfaceOrientationPortrait UIInterfaceOrientationLandscapeLeft UIInterfaceOrientationLandscapeRight";
				LD_RUNPATH_SEARCH_PATHS = (
					"$(inherited)",
					"@executable_path/Frameworks",
				);
				MARKETING_VERSION = 1.0;
				PRODUCT_BUNDLE_IDENTIFIER = "ss.Cube-Ambient";
				PRODUCT_NAME = "$(TARGET_NAME)";
				SWIFT_EMIT_LOC_STRINGS = YES;
				TARGETED_DEVICE_FAMILY = "1,2";
			};
			name = Release;
		};
/* End XCBuildConfiguration section */

/* Begin XCConfigurationList section */
		ABD93271275E0B0A00F97FE1 /* Build configuration list for PBXProject "Cube-Ambient" */ = {
			isa = XCConfigurationList;
			buildConfigurations = (
				ABD9328D275E0B0D00F97FE1 /* Debug */,
				ABD9328E275E0B0D00F97FE1 /* Release */,
			);
			defaultConfigurationIsVisible = 0;
			defaultConfigurationName = Release;
		};
		ABD9328F275E0B0D00F97FE1 /* Build configuration list for PBXNativeTarget "Cube-Ambient" */ = {
			isa = XCConfigurationList;
			buildConfigurations = (
				ABD93290275E0B0D00F97FE1 /* Debug */,
				ABD93291275E0B0D00F97FE1 /* Release */,
			);
			defaultConfigurationIsVisible = 0;
			defaultConfigurationName = Release;
		};
/* End XCConfigurationList section */
	};
	rootObject = ABD9326E275E0B0A00F97FE1 /* Project object */;
}
